// !$*UTF8*$!
{
	archiveVersion = 1;
	classes = {
	};
	objectVersion = 55;
	objects = {

/* Begin PBXBuildFile section */
		6A58C881281E654A0001C317 /* Tests_iOS.swift in Sources */ = {isa = PBXBuildFile; fileRef = 6A58C880281E654A0001C317 /* Tests_iOS.swift */; };
		6A58C883281E654A0001C317 /* Tests_iOSLaunchTests.swift in Sources */ = {isa = PBXBuildFile; fileRef = 6A58C882281E654A0001C317 /* Tests_iOSLaunchTests.swift */; };
		6A58C88D281E654A0001C317 /* Tests_macOS.swift in Sources */ = {isa = PBXBuildFile; fileRef = 6A58C88C281E654A0001C317 /* Tests_macOS.swift */; };
		6A58C88F281E654A0001C317 /* Tests_macOSLaunchTests.swift in Sources */ = {isa = PBXBuildFile; fileRef = 6A58C88E281E654A0001C317 /* Tests_macOSLaunchTests.swift */; };
		6A58C890281E654A0001C317 /* NotMeProjectApp.swift in Sources */ = {isa = PBXBuildFile; fileRef = 6A58C868281E65440001C317 /* NotMeProjectApp.swift */; };
		6A58C891281E654A0001C317 /* NotMeProjectApp.swift in Sources */ = {isa = PBXBuildFile; fileRef = 6A58C868281E65440001C317 /* NotMeProjectApp.swift */; };
		6A58C892281E654A0001C317 /* ContentView.swift in Sources */ = {isa = PBXBuildFile; fileRef = 6A58C869281E65440001C317 /* ContentView.swift */; };
		6A58C893281E654A0001C317 /* ContentView.swift in Sources */ = {isa = PBXBuildFile; fileRef = 6A58C869281E65440001C317 /* ContentView.swift */; };
		6A58C894281E654A0001C317 /* Assets.xcassets in Resources */ = {isa = PBXBuildFile; fileRef = 6A58C86A281E65490001C317 /* Assets.xcassets */; };
		6A58C895281E654A0001C317 /* Assets.xcassets in Resources */ = {isa = PBXBuildFile; fileRef = 6A58C86A281E65490001C317 /* Assets.xcassets */; };
		6A58C8A5281E65AF0001C317 /* Hamiltonian_calculation.swift in Sources */ = {isa = PBXBuildFile; fileRef = 6A58C8A4281E65AF0001C317 /* Hamiltonian_calculation.swift */; };
		6A58C8A6281E65AF0001C317 /* Hamiltonian_calculation.swift in Sources */ = {isa = PBXBuildFile; fileRef = 6A58C8A4281E65AF0001C317 /* Hamiltonian_calculation.swift */; };
		6A58C8A7281E65AF0001C317 /* Hamiltonian_calculation.swift in Sources */ = {isa = PBXBuildFile; fileRef = 6A58C8A4281E65AF0001C317 /* Hamiltonian_calculation.swift */; };
		6A58C8A8281E65AF0001C317 /* Hamiltonian_calculation.swift in Sources */ = {isa = PBXBuildFile; fileRef = 6A58C8A4281E65AF0001C317 /* Hamiltonian_calculation.swift */; };
		6A58C8AA281E65E10001C317 /* SymmetryPoints.swift in Sources */ = {isa = PBXBuildFile; fileRef = 6A58C8A9281E65E10001C317 /* SymmetryPoints.swift */; };
		6A58C8AB281E65E10001C317 /* SymmetryPoints.swift in Sources */ = {isa = PBXBuildFile; fileRef = 6A58C8A9281E65E10001C317 /* SymmetryPoints.swift */; };
		6A58C8AC281E65E10001C317 /* SymmetryPoints.swift in Sources */ = {isa = PBXBuildFile; fileRef = 6A58C8A9281E65E10001C317 /* SymmetryPoints.swift */; };
		6A58C8AD281E65E10001C317 /* SymmetryPoints.swift in Sources */ = {isa = PBXBuildFile; fileRef = 6A58C8A9281E65E10001C317 /* SymmetryPoints.swift */; };
		6A58C8AF281E66170001C317 /* BandTypes.swift in Sources */ = {isa = PBXBuildFile; fileRef = 6A58C8AE281E66170001C317 /* BandTypes.swift */; };
		6A58C8B0281E66170001C317 /* BandTypes.swift in Sources */ = {isa = PBXBuildFile; fileRef = 6A58C8AE281E66170001C317 /* BandTypes.swift */; };
		6A58C8B1281E66170001C317 /* BandTypes.swift in Sources */ = {isa = PBXBuildFile; fileRef = 6A58C8AE281E66170001C317 /* BandTypes.swift */; };
		6A58C8B2281E66170001C317 /* BandTypes.swift in Sources */ = {isa = PBXBuildFile; fileRef = 6A58C8AE281E66170001C317 /* BandTypes.swift */; };
		6A58C8B4281E66460001C317 /* CalculatePlotData.swift in Sources */ = {isa = PBXBuildFile; fileRef = 6A58C8B3281E66460001C317 /* CalculatePlotData.swift */; };
		6A58C8B5281E66460001C317 /* CalculatePlotData.swift in Sources */ = {isa = PBXBuildFile; fileRef = 6A58C8B3281E66460001C317 /* CalculatePlotData.swift */; };
		6A58C8B6281E66460001C317 /* CalculatePlotData.swift in Sources */ = {isa = PBXBuildFile; fileRef = 6A58C8B3281E66460001C317 /* CalculatePlotData.swift */; };
		6A58C8B7281E66460001C317 /* CalculatePlotData.swift in Sources */ = {isa = PBXBuildFile; fileRef = 6A58C8B3281E66460001C317 /* CalculatePlotData.swift */; };
		6A58C8B9281E66600001C317 /* ChangingPlotParameters.swift in Sources */ = {isa = PBXBuildFile; fileRef = 6A58C8B8281E66600001C317 /* ChangingPlotParameters.swift */; };
		6A58C8BA281E66600001C317 /* ChangingPlotParameters.swift in Sources */ = {isa = PBXBuildFile; fileRef = 6A58C8B8281E66600001C317 /* ChangingPlotParameters.swift */; };
		6A58C8BB281E66600001C317 /* ChangingPlotParameters.swift in Sources */ = {isa = PBXBuildFile; fileRef = 6A58C8B8281E66600001C317 /* ChangingPlotParameters.swift */; };
		6A58C8BC281E66600001C317 /* ChangingPlotParameters.swift in Sources */ = {isa = PBXBuildFile; fileRef = 6A58C8B8281E66600001C317 /* ChangingPlotParameters.swift */; };
		6A58C8BE281E667F0001C317 /* CorePlot.swift in Sources */ = {isa = PBXBuildFile; fileRef = 6A58C8BD281E667F0001C317 /* CorePlot.swift */; };
		6A58C8BF281E667F0001C317 /* CorePlot.swift in Sources */ = {isa = PBXBuildFile; fileRef = 6A58C8BD281E667F0001C317 /* CorePlot.swift */; };
		6A58C8C0281E667F0001C317 /* CorePlot.swift in Sources */ = {isa = PBXBuildFile; fileRef = 6A58C8BD281E667F0001C317 /* CorePlot.swift */; };
		6A58C8C1281E667F0001C317 /* CorePlot.swift in Sources */ = {isa = PBXBuildFile; fileRef = 6A58C8BD281E667F0001C317 /* CorePlot.swift */; };
		6A58C8C3281E66A00001C317 /* PlotDataClass.swift in Sources */ = {isa = PBXBuildFile; fileRef = 6A58C8C2281E66A00001C317 /* PlotDataClass.swift */; };
		6A58C8C4281E66A00001C317 /* PlotDataClass.swift in Sources */ = {isa = PBXBuildFile; fileRef = 6A58C8C2281E66A00001C317 /* PlotDataClass.swift */; };
		6A58C8C5281E66A00001C317 /* PlotDataClass.swift in Sources */ = {isa = PBXBuildFile; fileRef = 6A58C8C2281E66A00001C317 /* PlotDataClass.swift */; };
		6A58C8C6281E66A00001C317 /* PlotDataClass.swift in Sources */ = {isa = PBXBuildFile; fileRef = 6A58C8C2281E66A00001C317 /* PlotDataClass.swift */; };
		6A58C8C8281E66BE0001C317 /* TextExportDocuments.swift in Sources */ = {isa = PBXBuildFile; fileRef = 6A58C8C7281E66BE0001C317 /* TextExportDocuments.swift */; };
		6A58C8C9281E66BE0001C317 /* TextExportDocuments.swift in Sources */ = {isa = PBXBuildFile; fileRef = 6A58C8C7281E66BE0001C317 /* TextExportDocuments.swift */; };
		6A58C8CA281E66BE0001C317 /* TextExportDocuments.swift in Sources */ = {isa = PBXBuildFile; fileRef = 6A58C8C7281E66BE0001C317 /* TextExportDocuments.swift */; };
		6A58C8CB281E66BE0001C317 /* TextExportDocuments.swift in Sources */ = {isa = PBXBuildFile; fileRef = 6A58C8C7281E66BE0001C317 /* TextExportDocuments.swift */; };
		6A58C8CD281E66E00001C317 /* TextView.swift in Sources */ = {isa = PBXBuildFile; fileRef = 6A58C8CC281E66E00001C317 /* TextView.swift */; };
		6A58C8CE281E66E00001C317 /* TextView.swift in Sources */ = {isa = PBXBuildFile; fileRef = 6A58C8CC281E66E00001C317 /* TextView.swift */; };
		6A58C8CF281E66E00001C317 /* TextView.swift in Sources */ = {isa = PBXBuildFile; fileRef = 6A58C8CC281E66E00001C317 /* TextView.swift */; };
		6A58C8D0281E66E00001C317 /* TextView.swift in Sources */ = {isa = PBXBuildFile; fileRef = 6A58C8CC281E66E00001C317 /* TextView.swift */; };
		6A58C8D3281E67250001C317 /* CorePlot in Frameworks */ = {isa = PBXBuildFile; productRef = 6A58C8D2281E67250001C317 /* CorePlot */; };
		6A58C8D6281E67350001C317 /* CorePlot in Frameworks */ = {isa = PBXBuildFile; productRef = 6A58C8D5281E67350001C317 /* CorePlot */; };
		6A58C8D9281E679A0001C317 /* ComplexModule in Frameworks */ = {isa = PBXBuildFile; productRef = 6A58C8D8281E679A0001C317 /* ComplexModule */; };
		6A58C8DB281E67AA0001C317 /* ComplexModule in Frameworks */ = {isa = PBXBuildFile; productRef = 6A58C8DA281E67AA0001C317 /* ComplexModule */; };
		6A58C8DD281E67C30001C317 /* Numerics in Frameworks */ = {isa = PBXBuildFile; productRef = 6A58C8DC281E67C30001C317 /* Numerics */; };
		6A58C8DF281E67CA0001C317 /* Numerics in Frameworks */ = {isa = PBXBuildFile; productRef = 6A58C8DE281E67CA0001C317 /* Numerics */; };
/* End PBXBuildFile section */

/* Begin PBXContainerItemProxy section */
		6A58C87D281E654A0001C317 /* PBXContainerItemProxy */ = {
			isa = PBXContainerItemProxy;
			containerPortal = 6A58C863281E65440001C317 /* Project object */;
			proxyType = 1;
			remoteGlobalIDString = 6A58C86E281E65490001C317;
			remoteInfo = "NotMeProject (iOS)";
		};
		6A58C889281E654A0001C317 /* PBXContainerItemProxy */ = {
			isa = PBXContainerItemProxy;
			containerPortal = 6A58C863281E65440001C317 /* Project object */;
			proxyType = 1;
			remoteGlobalIDString = 6A58C874281E654A0001C317;
			remoteInfo = "NotMeProject (macOS)";
		};
/* End PBXContainerItemProxy section */

/* Begin PBXFileReference section */
		6A58C868281E65440001C317 /* NotMeProjectApp.swift */ = {isa = PBXFileReference; lastKnownFileType = sourcecode.swift; path = NotMeProjectApp.swift; sourceTree = "<group>"; };
		6A58C869281E65440001C317 /* ContentView.swift */ = {isa = PBXFileReference; lastKnownFileType = sourcecode.swift; path = ContentView.swift; sourceTree = "<group>"; };
		6A58C86A281E65490001C317 /* Assets.xcassets */ = {isa = PBXFileReference; lastKnownFileType = folder.assetcatalog; path = Assets.xcassets; sourceTree = "<group>"; };
		6A58C86F281E654A0001C317 /* NotMeProject.app */ = {isa = PBXFileReference; explicitFileType = wrapper.application; includeInIndex = 0; path = NotMeProject.app; sourceTree = BUILT_PRODUCTS_DIR; };
		6A58C875281E654A0001C317 /* NotMeProject.app */ = {isa = PBXFileReference; explicitFileType = wrapper.application; includeInIndex = 0; path = NotMeProject.app; sourceTree = BUILT_PRODUCTS_DIR; };
		6A58C877281E654A0001C317 /* macOS.entitlements */ = {isa = PBXFileReference; lastKnownFileType = text.plist.entitlements; path = macOS.entitlements; sourceTree = "<group>"; };
		6A58C87C281E654A0001C317 /* Tests iOS.xctest */ = {isa = PBXFileReference; explicitFileType = wrapper.cfbundle; includeInIndex = 0; path = "Tests iOS.xctest"; sourceTree = BUILT_PRODUCTS_DIR; };
		6A58C880281E654A0001C317 /* Tests_iOS.swift */ = {isa = PBXFileReference; lastKnownFileType = sourcecode.swift; path = Tests_iOS.swift; sourceTree = "<group>"; };
		6A58C882281E654A0001C317 /* Tests_iOSLaunchTests.swift */ = {isa = PBXFileReference; lastKnownFileType = sourcecode.swift; path = Tests_iOSLaunchTests.swift; sourceTree = "<group>"; };
		6A58C888281E654A0001C317 /* Tests macOS.xctest */ = {isa = PBXFileReference; explicitFileType = wrapper.cfbundle; includeInIndex = 0; path = "Tests macOS.xctest"; sourceTree = BUILT_PRODUCTS_DIR; };
		6A58C88C281E654A0001C317 /* Tests_macOS.swift */ = {isa = PBXFileReference; lastKnownFileType = sourcecode.swift; path = Tests_macOS.swift; sourceTree = "<group>"; };
		6A58C88E281E654A0001C317 /* Tests_macOSLaunchTests.swift */ = {isa = PBXFileReference; lastKnownFileType = sourcecode.swift; path = Tests_macOSLaunchTests.swift; sourceTree = "<group>"; };
		6A58C8A4281E65AF0001C317 /* Hamiltonian_calculation.swift */ = {isa = PBXFileReference; lastKnownFileType = sourcecode.swift; path = Hamiltonian_calculation.swift; sourceTree = "<group>"; };
		6A58C8A9281E65E10001C317 /* SymmetryPoints.swift */ = {isa = PBXFileReference; lastKnownFileType = sourcecode.swift; path = SymmetryPoints.swift; sourceTree = "<group>"; };
		6A58C8AE281E66170001C317 /* BandTypes.swift */ = {isa = PBXFileReference; lastKnownFileType = sourcecode.swift; path = BandTypes.swift; sourceTree = "<group>"; };
		6A58C8B3281E66460001C317 /* CalculatePlotData.swift */ = {isa = PBXFileReference; lastKnownFileType = sourcecode.swift; path = CalculatePlotData.swift; sourceTree = "<group>"; };
		6A58C8B8281E66600001C317 /* ChangingPlotParameters.swift */ = {isa = PBXFileReference; lastKnownFileType = sourcecode.swift; path = ChangingPlotParameters.swift; sourceTree = "<group>"; };
		6A58C8BD281E667F0001C317 /* CorePlot.swift */ = {isa = PBXFileReference; lastKnownFileType = sourcecode.swift; path = CorePlot.swift; sourceTree = "<group>"; };
		6A58C8C2281E66A00001C317 /* PlotDataClass.swift */ = {isa = PBXFileReference; lastKnownFileType = sourcecode.swift; path = PlotDataClass.swift; sourceTree = "<group>"; };
		6A58C8C7281E66BE0001C317 /* TextExportDocuments.swift */ = {isa = PBXFileReference; lastKnownFileType = sourcecode.swift; path = TextExportDocuments.swift; sourceTree = "<group>"; };
		6A58C8CC281E66E00001C317 /* TextView.swift */ = {isa = PBXFileReference; lastKnownFileType = sourcecode.swift; path = TextView.swift; sourceTree = "<group>"; };
/* End PBXFileReference section */

/* Begin PBXFrameworksBuildPhase section */
		6A58C86C281E65490001C317 /* Frameworks */ = {
			isa = PBXFrameworksBuildPhase;
			buildActionMask = 2147483647;
			files = (
				6A58C8D3281E67250001C317 /* CorePlot in Frameworks */,
				6A58C8DF281E67CA0001C317 /* Numerics in Frameworks */,
				6A58C8D9281E679A0001C317 /* ComplexModule in Frameworks */,
			);
			runOnlyForDeploymentPostprocessing = 0;
		};
		6A58C872281E654A0001C317 /* Frameworks */ = {
			isa = PBXFrameworksBuildPhase;
			buildActionMask = 2147483647;
			files = (
				6A58C8D6281E67350001C317 /* CorePlot in Frameworks */,
				6A58C8DD281E67C30001C317 /* Numerics in Frameworks */,
				6A58C8DB281E67AA0001C317 /* ComplexModule in Frameworks */,
			);
			runOnlyForDeploymentPostprocessing = 0;
		};
		6A58C879281E654A0001C317 /* Frameworks */ = {
			isa = PBXFrameworksBuildPhase;
			buildActionMask = 2147483647;
			files = (
			);
			runOnlyForDeploymentPostprocessing = 0;
		};
		6A58C885281E654A0001C317 /* Frameworks */ = {
			isa = PBXFrameworksBuildPhase;
			buildActionMask = 2147483647;
			files = (
			);
			runOnlyForDeploymentPostprocessing = 0;
		};
/* End PBXFrameworksBuildPhase section */

/* Begin PBXGroup section */
		6A58C862281E65440001C317 = {
			isa = PBXGroup;
			children = (
				6A58C867281E65440001C317 /* Shared */,
				6A58C876281E654A0001C317 /* macOS */,
				6A58C87F281E654A0001C317 /* Tests iOS */,
				6A58C88B281E654A0001C317 /* Tests macOS */,
				6A58C870281E654A0001C317 /* Products */,
				6A58C8D4281E67350001C317 /* Frameworks */,
			);
			sourceTree = "<group>";
		};
		6A58C867281E65440001C317 /* Shared */ = {
			isa = PBXGroup;
			children = (
				6A58C868281E65440001C317 /* NotMeProjectApp.swift */,
				6A58C869281E65440001C317 /* ContentView.swift */,
				6A58C8A4281E65AF0001C317 /* Hamiltonian_calculation.swift */,
				6A58C8A9281E65E10001C317 /* SymmetryPoints.swift */,
				6A58C8AE281E66170001C317 /* BandTypes.swift */,
				6A58C8B3281E66460001C317 /* CalculatePlotData.swift */,
				6A58C8B8281E66600001C317 /* ChangingPlotParameters.swift */,
				6A58C8BD281E667F0001C317 /* CorePlot.swift */,
				6A58C8C2281E66A00001C317 /* PlotDataClass.swift */,
				6A58C8C7281E66BE0001C317 /* TextExportDocuments.swift */,
				6A58C8CC281E66E00001C317 /* TextView.swift */,
				6A58C86A281E65490001C317 /* Assets.xcassets */,
			);
			path = Shared;
			sourceTree = "<group>";
		};
		6A58C870281E654A0001C317 /* Products */ = {
			isa = PBXGroup;
			children = (
				6A58C86F281E654A0001C317 /* NotMeProject.app */,
				6A58C875281E654A0001C317 /* NotMeProject.app */,
				6A58C87C281E654A0001C317 /* Tests iOS.xctest */,
				6A58C888281E654A0001C317 /* Tests macOS.xctest */,
			);
			name = Products;
			sourceTree = "<group>";
		};
		6A58C876281E654A0001C317 /* macOS */ = {
			isa = PBXGroup;
			children = (
				6A58C877281E654A0001C317 /* macOS.entitlements */,
			);
			path = macOS;
			sourceTree = "<group>";
		};
		6A58C87F281E654A0001C317 /* Tests iOS */ = {
			isa = PBXGroup;
			children = (
				6A58C880281E654A0001C317 /* Tests_iOS.swift */,
				6A58C882281E654A0001C317 /* Tests_iOSLaunchTests.swift */,
			);
			path = "Tests iOS";
			sourceTree = "<group>";
		};
		6A58C88B281E654A0001C317 /* Tests macOS */ = {
			isa = PBXGroup;
			children = (
				6A58C88C281E654A0001C317 /* Tests_macOS.swift */,
				6A58C88E281E654A0001C317 /* Tests_macOSLaunchTests.swift */,
			);
			path = "Tests macOS";
			sourceTree = "<group>";
		};
		6A58C8D4281E67350001C317 /* Frameworks */ = {
			isa = PBXGroup;
			children = (
			);
			name = Frameworks;
			sourceTree = "<group>";
		};
/* End PBXGroup section */

/* Begin PBXNativeTarget section */
		6A58C86E281E65490001C317 /* NotMeProject (iOS) */ = {
			isa = PBXNativeTarget;
			buildConfigurationList = 6A58C898281E654A0001C317 /* Build configuration list for PBXNativeTarget "NotMeProject (iOS)" */;
			buildPhases = (
				6A58C86B281E65490001C317 /* Sources */,
				6A58C86C281E65490001C317 /* Frameworks */,
				6A58C86D281E65490001C317 /* Resources */,
			);
			buildRules = (
			);
			dependencies = (
			);
			name = "NotMeProject (iOS)";
			packageProductDependencies = (
				6A58C8D2281E67250001C317 /* CorePlot */,
				6A58C8D8281E679A0001C317 /* ComplexModule */,
				6A58C8DE281E67CA0001C317 /* Numerics */,
			);
			productName = "NotMeProject (iOS)";
			productReference = 6A58C86F281E654A0001C317 /* NotMeProject.app */;
			productType = "com.apple.product-type.application";
		};
		6A58C874281E654A0001C317 /* NotMeProject (macOS) */ = {
			isa = PBXNativeTarget;
			buildConfigurationList = 6A58C89B281E654A0001C317 /* Build configuration list for PBXNativeTarget "NotMeProject (macOS)" */;
			buildPhases = (
				6A58C871281E654A0001C317 /* Sources */,
				6A58C872281E654A0001C317 /* Frameworks */,
				6A58C873281E654A0001C317 /* Resources */,
			);
			buildRules = (
			);
			dependencies = (
			);
			name = "NotMeProject (macOS)";
			packageProductDependencies = (
				6A58C8D5281E67350001C317 /* CorePlot */,
				6A58C8DA281E67AA0001C317 /* ComplexModule */,
				6A58C8DC281E67C30001C317 /* Numerics */,
			);
			productName = "NotMeProject (macOS)";
			productReference = 6A58C875281E654A0001C317 /* NotMeProject.app */;
			productType = "com.apple.product-type.application";
		};
		6A58C87B281E654A0001C317 /* Tests iOS */ = {
			isa = PBXNativeTarget;
			buildConfigurationList = 6A58C89E281E654A0001C317 /* Build configuration list for PBXNativeTarget "Tests iOS" */;
			buildPhases = (
				6A58C878281E654A0001C317 /* Sources */,
				6A58C879281E654A0001C317 /* Frameworks */,
				6A58C87A281E654A0001C317 /* Resources */,
			);
			buildRules = (
			);
			dependencies = (
				6A58C87E281E654A0001C317 /* PBXTargetDependency */,
			);
			name = "Tests iOS";
			productName = "Tests iOS";
			productReference = 6A58C87C281E654A0001C317 /* Tests iOS.xctest */;
			productType = "com.apple.product-type.bundle.ui-testing";
		};
		6A58C887281E654A0001C317 /* Tests macOS */ = {
			isa = PBXNativeTarget;
			buildConfigurationList = 6A58C8A1281E654A0001C317 /* Build configuration list for PBXNativeTarget "Tests macOS" */;
			buildPhases = (
				6A58C884281E654A0001C317 /* Sources */,
				6A58C885281E654A0001C317 /* Frameworks */,
				6A58C886281E654A0001C317 /* Resources */,
			);
			buildRules = (
			);
			dependencies = (
				6A58C88A281E654A0001C317 /* PBXTargetDependency */,
			);
			name = "Tests macOS";
			productName = "Tests macOS";
			productReference = 6A58C888281E654A0001C317 /* Tests macOS.xctest */;
			productType = "com.apple.product-type.bundle.ui-testing";
		};
/* End PBXNativeTarget section */

/* Begin PBXProject section */
		6A58C863281E65440001C317 /* Project object */ = {
			isa = PBXProject;
			attributes = {
				BuildIndependentTargetsInParallel = 1;
				LastSwiftUpdateCheck = 1330;
				LastUpgradeCheck = 1330;
				TargetAttributes = {
					6A58C86E281E65490001C317 = {
						CreatedOnToolsVersion = 13.3;
					};
					6A58C874281E654A0001C317 = {
						CreatedOnToolsVersion = 13.3;
					};
					6A58C87B281E654A0001C317 = {
						CreatedOnToolsVersion = 13.3;
						TestTargetID = 6A58C86E281E65490001C317;
					};
					6A58C887281E654A0001C317 = {
						CreatedOnToolsVersion = 13.3;
						TestTargetID = 6A58C874281E654A0001C317;
					};
				};
			};
			buildConfigurationList = 6A58C866281E65440001C317 /* Build configuration list for PBXProject "NotMeProject" */;
			compatibilityVersion = "Xcode 13.0";
			developmentRegion = en;
			hasScannedForEncodings = 0;
			knownRegions = (
				en,
				Base,
			);
			mainGroup = 6A58C862281E65440001C317;
			packageReferences = (
				6A58C8D1281E67250001C317 /* XCRemoteSwiftPackageReference "core-plot" */,
				6A58C8D7281E679A0001C317 /* XCRemoteSwiftPackageReference "swift-numerics" */,
			);
			productRefGroup = 6A58C870281E654A0001C317 /* Products */;
			projectDirPath = "";
			projectRoot = "";
			targets = (
				6A58C86E281E65490001C317 /* NotMeProject (iOS) */,
				6A58C874281E654A0001C317 /* NotMeProject (macOS) */,
				6A58C87B281E654A0001C317 /* Tests iOS */,
				6A58C887281E654A0001C317 /* Tests macOS */,
			);
		};
/* End PBXProject section */

/* Begin PBXResourcesBuildPhase section */
		6A58C86D281E65490001C317 /* Resources */ = {
			isa = PBXResourcesBuildPhase;
			buildActionMask = 2147483647;
			files = (
				6A58C894281E654A0001C317 /* Assets.xcassets in Resources */,
			);
			runOnlyForDeploymentPostprocessing = 0;
		};
		6A58C873281E654A0001C317 /* Resources */ = {
			isa = PBXResourcesBuildPhase;
			buildActionMask = 2147483647;
			files = (
				6A58C895281E654A0001C317 /* Assets.xcassets in Resources */,
			);
			runOnlyForDeploymentPostprocessing = 0;
		};
		6A58C87A281E654A0001C317 /* Resources */ = {
			isa = PBXResourcesBuildPhase;
			buildActionMask = 2147483647;
			files = (
			);
			runOnlyForDeploymentPostprocessing = 0;
		};
		6A58C886281E654A0001C317 /* Resources */ = {
			isa = PBXResourcesBuildPhase;
			buildActionMask = 2147483647;
			files = (
			);
			runOnlyForDeploymentPostprocessing = 0;
		};
/* End PBXResourcesBuildPhase section */

/* Begin PBXSourcesBuildPhase section */
		6A58C86B281E65490001C317 /* Sources */ = {
			isa = PBXSourcesBuildPhase;
			buildActionMask = 2147483647;
			files = (
				6A58C8A5281E65AF0001C317 /* Hamiltonian_calculation.swift in Sources */,
				6A58C8CD281E66E00001C317 /* TextView.swift in Sources */,
				6A58C8BE281E667F0001C317 /* CorePlot.swift in Sources */,
				6A58C8B4281E66460001C317 /* CalculatePlotData.swift in Sources */,
				6A58C892281E654A0001C317 /* ContentView.swift in Sources */,
				6A58C8C3281E66A00001C317 /* PlotDataClass.swift in Sources */,
				6A58C8AF281E66170001C317 /* BandTypes.swift in Sources */,
				6A58C8AA281E65E10001C317 /* SymmetryPoints.swift in Sources */,
				6A58C8B9281E66600001C317 /* ChangingPlotParameters.swift in Sources */,
				6A58C890281E654A0001C317 /* NotMeProjectApp.swift in Sources */,
				6A58C8C8281E66BE0001C317 /* TextExportDocuments.swift in Sources */,
			);
			runOnlyForDeploymentPostprocessing = 0;
		};
		6A58C871281E654A0001C317 /* Sources */ = {
			isa = PBXSourcesBuildPhase;
			buildActionMask = 2147483647;
			files = (
				6A58C8A6281E65AF0001C317 /* Hamiltonian_calculation.swift in Sources */,
				6A58C8CE281E66E00001C317 /* TextView.swift in Sources */,
				6A58C8BF281E667F0001C317 /* CorePlot.swift in Sources */,
				6A58C8B5281E66460001C317 /* CalculatePlotData.swift in Sources */,
				6A58C893281E654A0001C317 /* ContentView.swift in Sources */,
				6A58C8C4281E66A00001C317 /* PlotDataClass.swift in Sources */,
				6A58C8B0281E66170001C317 /* BandTypes.swift in Sources */,
				6A58C8AB281E65E10001C317 /* SymmetryPoints.swift in Sources */,
				6A58C8BA281E66600001C317 /* ChangingPlotParameters.swift in Sources */,
				6A58C891281E654A0001C317 /* NotMeProjectApp.swift in Sources */,
				6A58C8C9281E66BE0001C317 /* TextExportDocuments.swift in Sources */,
			);
			runOnlyForDeploymentPostprocessing = 0;
		};
		6A58C878281E654A0001C317 /* Sources */ = {
			isa = PBXSourcesBuildPhase;
			buildActionMask = 2147483647;
			files = (
				6A58C8A7281E65AF0001C317 /* Hamiltonian_calculation.swift in Sources */,
				6A58C8CF281E66E00001C317 /* TextView.swift in Sources */,
				6A58C8C0281E667F0001C317 /* CorePlot.swift in Sources */,
				6A58C8B6281E66460001C317 /* CalculatePlotData.swift in Sources */,
				6A58C883281E654A0001C317 /* Tests_iOSLaunchTests.swift in Sources */,
				6A58C8C5281E66A00001C317 /* PlotDataClass.swift in Sources */,
				6A58C8B1281E66170001C317 /* BandTypes.swift in Sources */,
				6A58C8AC281E65E10001C317 /* SymmetryPoints.swift in Sources */,
				6A58C8BB281E66600001C317 /* ChangingPlotParameters.swift in Sources */,
				6A58C881281E654A0001C317 /* Tests_iOS.swift in Sources */,
				6A58C8CA281E66BE0001C317 /* TextExportDocuments.swift in Sources */,
			);
			runOnlyForDeploymentPostprocessing = 0;
		};
		6A58C884281E654A0001C317 /* Sources */ = {
			isa = PBXSourcesBuildPhase;
			buildActionMask = 2147483647;
			files = (
				6A58C8A8281E65AF0001C317 /* Hamiltonian_calculation.swift in Sources */,
				6A58C8D0281E66E00001C317 /* TextView.swift in Sources */,
				6A58C8C1281E667F0001C317 /* CorePlot.swift in Sources */,
				6A58C8B7281E66460001C317 /* CalculatePlotData.swift in Sources */,
				6A58C88F281E654A0001C317 /* Tests_macOSLaunchTests.swift in Sources */,
				6A58C8C6281E66A00001C317 /* PlotDataClass.swift in Sources */,
				6A58C8B2281E66170001C317 /* BandTypes.swift in Sources */,
				6A58C8AD281E65E10001C317 /* SymmetryPoints.swift in Sources */,
				6A58C8BC281E66600001C317 /* ChangingPlotParameters.swift in Sources */,
				6A58C88D281E654A0001C317 /* Tests_macOS.swift in Sources */,
				6A58C8CB281E66BE0001C317 /* TextExportDocuments.swift in Sources */,
			);
			runOnlyForDeploymentPostprocessing = 0;
		};
/* End PBXSourcesBuildPhase section */

/* Begin PBXTargetDependency section */
		6A58C87E281E654A0001C317 /* PBXTargetDependency */ = {
			isa = PBXTargetDependency;
			target = 6A58C86E281E65490001C317 /* NotMeProject (iOS) */;
			targetProxy = 6A58C87D281E654A0001C317 /* PBXContainerItemProxy */;
		};
		6A58C88A281E654A0001C317 /* PBXTargetDependency */ = {
			isa = PBXTargetDependency;
			target = 6A58C874281E654A0001C317 /* NotMeProject (macOS) */;
			targetProxy = 6A58C889281E654A0001C317 /* PBXContainerItemProxy */;
		};
/* End PBXTargetDependency section */

/* Begin XCBuildConfiguration section */
		6A58C896281E654A0001C317 /* Debug */ = {
			isa = XCBuildConfiguration;
			buildSettings = {
				ALWAYS_SEARCH_USER_PATHS = NO;
				CLANG_ANALYZER_NONNULL = YES;
				CLANG_ANALYZER_NUMBER_OBJECT_CONVERSION = YES_AGGRESSIVE;
				CLANG_CXX_LANGUAGE_STANDARD = "gnu++17";
				CLANG_ENABLE_MODULES = YES;
				CLANG_ENABLE_OBJC_ARC = YES;
				CLANG_ENABLE_OBJC_WEAK = YES;
				CLANG_WARN_BLOCK_CAPTURE_AUTORELEASING = YES;
				CLANG_WARN_BOOL_CONVERSION = YES;
				CLANG_WARN_COMMA = YES;
				CLANG_WARN_CONSTANT_CONVERSION = YES;
				CLANG_WARN_DEPRECATED_OBJC_IMPLEMENTATIONS = YES;
				CLANG_WARN_DIRECT_OBJC_ISA_USAGE = YES_ERROR;
				CLANG_WARN_DOCUMENTATION_COMMENTS = YES;
				CLANG_WARN_EMPTY_BODY = YES;
				CLANG_WARN_ENUM_CONVERSION = YES;
				CLANG_WARN_INFINITE_RECURSION = YES;
				CLANG_WARN_INT_CONVERSION = YES;
				CLANG_WARN_NON_LITERAL_NULL_CONVERSION = YES;
				CLANG_WARN_OBJC_IMPLICIT_RETAIN_SELF = YES;
				CLANG_WARN_OBJC_LITERAL_CONVERSION = YES;
				CLANG_WARN_OBJC_ROOT_CLASS = YES_ERROR;
				CLANG_WARN_QUOTED_INCLUDE_IN_FRAMEWORK_HEADER = YES;
				CLANG_WARN_RANGE_LOOP_ANALYSIS = YES;
				CLANG_WARN_STRICT_PROTOTYPES = YES;
				CLANG_WARN_SUSPICIOUS_MOVE = YES;
				CLANG_WARN_UNGUARDED_AVAILABILITY = YES_AGGRESSIVE;
				CLANG_WARN_UNREACHABLE_CODE = YES;
				CLANG_WARN__DUPLICATE_METHOD_MATCH = YES;
				COPY_PHASE_STRIP = NO;
				DEBUG_INFORMATION_FORMAT = dwarf;
				ENABLE_STRICT_OBJC_MSGSEND = YES;
				ENABLE_TESTABILITY = YES;
				GCC_C_LANGUAGE_STANDARD = gnu11;
				GCC_DYNAMIC_NO_PIC = NO;
				GCC_NO_COMMON_BLOCKS = YES;
				GCC_OPTIMIZATION_LEVEL = 0;
				GCC_PREPROCESSOR_DEFINITIONS = (
					"DEBUG=1",
					"$(inherited)",
				);
				GCC_WARN_64_TO_32_BIT_CONVERSION = YES;
				GCC_WARN_ABOUT_RETURN_TYPE = YES_ERROR;
				GCC_WARN_UNDECLARED_SELECTOR = YES;
				GCC_WARN_UNINITIALIZED_AUTOS = YES_AGGRESSIVE;
				GCC_WARN_UNUSED_FUNCTION = YES;
				GCC_WARN_UNUSED_VARIABLE = YES;
				MTL_ENABLE_DEBUG_INFO = INCLUDE_SOURCE;
				MTL_FAST_MATH = YES;
				ONLY_ACTIVE_ARCH = YES;
				SWIFT_ACTIVE_COMPILATION_CONDITIONS = DEBUG;
				SWIFT_OPTIMIZATION_LEVEL = "-Onone";
			};
			name = Debug;
		};
		6A58C897281E654A0001C317 /* Release */ = {
			isa = XCBuildConfiguration;
			buildSettings = {
				ALWAYS_SEARCH_USER_PATHS = NO;
				CLANG_ANALYZER_NONNULL = YES;
				CLANG_ANALYZER_NUMBER_OBJECT_CONVERSION = YES_AGGRESSIVE;
				CLANG_CXX_LANGUAGE_STANDARD = "gnu++17";
				CLANG_ENABLE_MODULES = YES;
				CLANG_ENABLE_OBJC_ARC = YES;
				CLANG_ENABLE_OBJC_WEAK = YES;
				CLANG_WARN_BLOCK_CAPTURE_AUTORELEASING = YES;
				CLANG_WARN_BOOL_CONVERSION = YES;
				CLANG_WARN_COMMA = YES;
				CLANG_WARN_CONSTANT_CONVERSION = YES;
				CLANG_WARN_DEPRECATED_OBJC_IMPLEMENTATIONS = YES;
				CLANG_WARN_DIRECT_OBJC_ISA_USAGE = YES_ERROR;
				CLANG_WARN_DOCUMENTATION_COMMENTS = YES;
				CLANG_WARN_EMPTY_BODY = YES;
				CLANG_WARN_ENUM_CONVERSION = YES;
				CLANG_WARN_INFINITE_RECURSION = YES;
				CLANG_WARN_INT_CONVERSION = YES;
				CLANG_WARN_NON_LITERAL_NULL_CONVERSION = YES;
				CLANG_WARN_OBJC_IMPLICIT_RETAIN_SELF = YES;
				CLANG_WARN_OBJC_LITERAL_CONVERSION = YES;
				CLANG_WARN_OBJC_ROOT_CLASS = YES_ERROR;
				CLANG_WARN_QUOTED_INCLUDE_IN_FRAMEWORK_HEADER = YES;
				CLANG_WARN_RANGE_LOOP_ANALYSIS = YES;
				CLANG_WARN_STRICT_PROTOTYPES = YES;
				CLANG_WARN_SUSPICIOUS_MOVE = YES;
				CLANG_WARN_UNGUARDED_AVAILABILITY = YES_AGGRESSIVE;
				CLANG_WARN_UNREACHABLE_CODE = YES;
				CLANG_WARN__DUPLICATE_METHOD_MATCH = YES;
				COPY_PHASE_STRIP = NO;
				DEBUG_INFORMATION_FORMAT = "dwarf-with-dsym";
				ENABLE_NS_ASSERTIONS = NO;
				ENABLE_STRICT_OBJC_MSGSEND = YES;
				GCC_C_LANGUAGE_STANDARD = gnu11;
				GCC_NO_COMMON_BLOCKS = YES;
				GCC_WARN_64_TO_32_BIT_CONVERSION = YES;
				GCC_WARN_ABOUT_RETURN_TYPE = YES_ERROR;
				GCC_WARN_UNDECLARED_SELECTOR = YES;
				GCC_WARN_UNINITIALIZED_AUTOS = YES_AGGRESSIVE;
				GCC_WARN_UNUSED_FUNCTION = YES;
				GCC_WARN_UNUSED_VARIABLE = YES;
				MTL_ENABLE_DEBUG_INFO = NO;
				MTL_FAST_MATH = YES;
				SWIFT_COMPILATION_MODE = wholemodule;
				SWIFT_OPTIMIZATION_LEVEL = "-O";
			};
			name = Release;
		};
		6A58C899281E654A0001C317 /* Debug */ = {
			isa = XCBuildConfiguration;
			buildSettings = {
				ASSETCATALOG_COMPILER_APPICON_NAME = AppIcon;
				ASSETCATALOG_COMPILER_GLOBAL_ACCENT_COLOR_NAME = AccentColor;
				CODE_SIGN_STYLE = Automatic;
				CURRENT_PROJECT_VERSION = 1;
				DEVELOPMENT_TEAM = B6RA4R6AG4;
				ENABLE_PREVIEWS = YES;
				GENERATE_INFOPLIST_FILE = YES;
				INFOPLIST_KEY_UIApplicationSceneManifest_Generation = YES;
				INFOPLIST_KEY_UIApplicationSupportsIndirectInputEvents = YES;
				INFOPLIST_KEY_UILaunchScreen_Generation = YES;
				INFOPLIST_KEY_UISupportedInterfaceOrientations_iPad = "UIInterfaceOrientationPortrait UIInterfaceOrientationPortraitUpsideDown UIInterfaceOrientationLandscapeLeft UIInterfaceOrientationLandscapeRight";
				INFOPLIST_KEY_UISupportedInterfaceOrientations_iPhone = "UIInterfaceOrientationPortrait UIInterfaceOrientationLandscapeLeft UIInterfaceOrientationLandscapeRight";
				IPHONEOS_DEPLOYMENT_TARGET = 15.4;
				LD_RUNPATH_SEARCH_PATHS = (
					"$(inherited)",
					"@executable_path/Frameworks",
				);
				MARKETING_VERSION = 1.0;
				PRODUCT_BUNDLE_IDENTIFIER = J.NotMeProject;
				PRODUCT_NAME = NotMeProject;
				SDKROOT = iphoneos;
				SWIFT_EMIT_LOC_STRINGS = YES;
				SWIFT_VERSION = 5.0;
				TARGETED_DEVICE_FAMILY = "1,2";
			};
			name = Debug;
		};
		6A58C89A281E654A0001C317 /* Release */ = {
			isa = XCBuildConfiguration;
			buildSettings = {
				ASSETCATALOG_COMPILER_APPICON_NAME = AppIcon;
				ASSETCATALOG_COMPILER_GLOBAL_ACCENT_COLOR_NAME = AccentColor;
				CODE_SIGN_STYLE = Automatic;
				CURRENT_PROJECT_VERSION = 1;
				DEVELOPMENT_TEAM = B6RA4R6AG4;
				ENABLE_PREVIEWS = YES;
				GENERATE_INFOPLIST_FILE = YES;
				INFOPLIST_KEY_UIApplicationSceneManifest_Generation = YES;
				INFOPLIST_KEY_UIApplicationSupportsIndirectInputEvents = YES;
				INFOPLIST_KEY_UILaunchScreen_Generation = YES;
				INFOPLIST_KEY_UISupportedInterfaceOrientations_iPad = "UIInterfaceOrientationPortrait UIInterfaceOrientationPortraitUpsideDown UIInterfaceOrientationLandscapeLeft UIInterfaceOrientationLandscapeRight";
				INFOPLIST_KEY_UISupportedInterfaceOrientations_iPhone = "UIInterfaceOrientationPortrait UIInterfaceOrientationLandscapeLeft UIInterfaceOrientationLandscapeRight";
				IPHONEOS_DEPLOYMENT_TARGET = 15.4;
				LD_RUNPATH_SEARCH_PATHS = (
					"$(inherited)",
					"@executable_path/Frameworks",
				);
				MARKETING_VERSION = 1.0;
				PRODUCT_BUNDLE_IDENTIFIER = J.NotMeProject;
				PRODUCT_NAME = NotMeProject;
				SDKROOT = iphoneos;
				SWIFT_EMIT_LOC_STRINGS = YES;
				SWIFT_VERSION = 5.0;
				TARGETED_DEVICE_FAMILY = "1,2";
				VALIDATE_PRODUCT = YES;
			};
			name = Release;
		};
		6A58C89C281E654A0001C317 /* Debug */ = {
			isa = XCBuildConfiguration;
			buildSettings = {
				ASSETCATALOG_COMPILER_APPICON_NAME = AppIcon;
				ASSETCATALOG_COMPILER_GLOBAL_ACCENT_COLOR_NAME = AccentColor;
				CODE_SIGN_ENTITLEMENTS = macOS/macOS.entitlements;
				CODE_SIGN_STYLE = Automatic;
				COMBINE_HIDPI_IMAGES = YES;
				CURRENT_PROJECT_VERSION = 1;
				DEVELOPMENT_TEAM = B6RA4R6AG4;
				ENABLE_HARDENED_RUNTIME = YES;
				ENABLE_PREVIEWS = YES;
				GENERATE_INFOPLIST_FILE = YES;
				INFOPLIST_KEY_NSHumanReadableCopyright = "";
				LD_RUNPATH_SEARCH_PATHS = (
					"$(inherited)",
					"@executable_path/../Frameworks",
				);
				MACOSX_DEPLOYMENT_TARGET = 12.3;
				MARKETING_VERSION = 1.0;
				PRODUCT_BUNDLE_IDENTIFIER = J.NotMeProject;
				PRODUCT_NAME = NotMeProject;
				SDKROOT = macosx;
				SWIFT_EMIT_LOC_STRINGS = YES;
				SWIFT_VERSION = 5.0;
			};
			name = Debug;
		};
		6A58C89D281E654A0001C317 /* Release */ = {
			isa = XCBuildConfiguration;
			buildSettings = {
				ASSETCATALOG_COMPILER_APPICON_NAME = AppIcon;
				ASSETCATALOG_COMPILER_GLOBAL_ACCENT_COLOR_NAME = AccentColor;
				CODE_SIGN_ENTITLEMENTS = macOS/macOS.entitlements;
				CODE_SIGN_STYLE = Automatic;
				COMBINE_HIDPI_IMAGES = YES;
				CURRENT_PROJECT_VERSION = 1;
				DEVELOPMENT_TEAM = B6RA4R6AG4;
				ENABLE_HARDENED_RUNTIME = YES;
				ENABLE_PREVIEWS = YES;
				GENERATE_INFOPLIST_FILE = YES;
				INFOPLIST_KEY_NSHumanReadableCopyright = "";
				LD_RUNPATH_SEARCH_PATHS = (
					"$(inherited)",
					"@executable_path/../Frameworks",
				);
				MACOSX_DEPLOYMENT_TARGET = 12.3;
				MARKETING_VERSION = 1.0;
				PRODUCT_BUNDLE_IDENTIFIER = J.NotMeProject;
				PRODUCT_NAME = NotMeProject;
				SDKROOT = macosx;
				SWIFT_EMIT_LOC_STRINGS = YES;
				SWIFT_VERSION = 5.0;
			};
			name = Release;
		};
		6A58C89F281E654A0001C317 /* Debug */ = {
			isa = XCBuildConfiguration;
			buildSettings = {
				ALWAYS_EMBED_SWIFT_STANDARD_LIBRARIES = YES;
				CODE_SIGN_STYLE = Automatic;
				CURRENT_PROJECT_VERSION = 1;
				DEVELOPMENT_TEAM = B6RA4R6AG4;
				GENERATE_INFOPLIST_FILE = YES;
				IPHONEOS_DEPLOYMENT_TARGET = 15.4;
				MARKETING_VERSION = 1.0;
				PRODUCT_BUNDLE_IDENTIFIER = "J.Tests-iOS";
				PRODUCT_NAME = "$(TARGET_NAME)";
				SDKROOT = iphoneos;
				SWIFT_EMIT_LOC_STRINGS = NO;
				SWIFT_VERSION = 5.0;
				TARGETED_DEVICE_FAMILY = "1,2";
				TEST_TARGET_NAME = "NotMeProject (iOS)";
			};
			name = Debug;
		};
		6A58C8A0281E654A0001C317 /* Release */ = {
			isa = XCBuildConfiguration;
			buildSettings = {
				ALWAYS_EMBED_SWIFT_STANDARD_LIBRARIES = YES;
				CODE_SIGN_STYLE = Automatic;
				CURRENT_PROJECT_VERSION = 1;
				DEVELOPMENT_TEAM = B6RA4R6AG4;
				GENERATE_INFOPLIST_FILE = YES;
				IPHONEOS_DEPLOYMENT_TARGET = 15.4;
				MARKETING_VERSION = 1.0;
				PRODUCT_BUNDLE_IDENTIFIER = "J.Tests-iOS";
				PRODUCT_NAME = "$(TARGET_NAME)";
				SDKROOT = iphoneos;
				SWIFT_EMIT_LOC_STRINGS = NO;
				SWIFT_VERSION = 5.0;
				TARGETED_DEVICE_FAMILY = "1,2";
				TEST_TARGET_NAME = "NotMeProject (iOS)";
				VALIDATE_PRODUCT = YES;
			};
			name = Release;
		};
		6A58C8A2281E654A0001C317 /* Debug */ = {
			isa = XCBuildConfiguration;
			buildSettings = {
				ALWAYS_EMBED_SWIFT_STANDARD_LIBRARIES = YES;
				CODE_SIGN_STYLE = Automatic;
				CURRENT_PROJECT_VERSION = 1;
				DEVELOPMENT_TEAM = B6RA4R6AG4;
				GENERATE_INFOPLIST_FILE = YES;
				MACOSX_DEPLOYMENT_TARGET = 12.3;
				MARKETING_VERSION = 1.0;
				PRODUCT_BUNDLE_IDENTIFIER = "J.Tests-macOS";
				PRODUCT_NAME = "$(TARGET_NAME)";
				SDKROOT = macosx;
				SWIFT_EMIT_LOC_STRINGS = NO;
				SWIFT_VERSION = 5.0;
				TEST_TARGET_NAME = "NotMeProject (macOS)";
			};
			name = Debug;
		};
		6A58C8A3281E654A0001C317 /* Release */ = {
			isa = XCBuildConfiguration;
			buildSettings = {
				ALWAYS_EMBED_SWIFT_STANDARD_LIBRARIES = YES;
				CODE_SIGN_STYLE = Automatic;
				CURRENT_PROJECT_VERSION = 1;
				DEVELOPMENT_TEAM = B6RA4R6AG4;
				GENERATE_INFOPLIST_FILE = YES;
				MACOSX_DEPLOYMENT_TARGET = 12.3;
				MARKETING_VERSION = 1.0;
				PRODUCT_BUNDLE_IDENTIFIER = "J.Tests-macOS";
				PRODUCT_NAME = "$(TARGET_NAME)";
				SDKROOT = macosx;
				SWIFT_EMIT_LOC_STRINGS = NO;
				SWIFT_VERSION = 5.0;
				TEST_TARGET_NAME = "NotMeProject (macOS)";
			};
			name = Release;
		};
/* End XCBuildConfiguration section */

/* Begin XCConfigurationList section */
		6A58C866281E65440001C317 /* Build configuration list for PBXProject "NotMeProject" */ = {
			isa = XCConfigurationList;
			buildConfigurations = (
				6A58C896281E654A0001C317 /* Debug */,
				6A58C897281E654A0001C317 /* Release */,
			);
			defaultConfigurationIsVisible = 0;
			defaultConfigurationName = Release;
		};
		6A58C898281E654A0001C317 /* Build configuration list for PBXNativeTarget "NotMeProject (iOS)" */ = {
			isa = XCConfigurationList;
			buildConfigurations = (
				6A58C899281E654A0001C317 /* Debug */,
				6A58C89A281E654A0001C317 /* Release */,
			);
			defaultConfigurationIsVisible = 0;
			defaultConfigurationName = Release;
		};
		6A58C89B281E654A0001C317 /* Build configuration list for PBXNativeTarget "NotMeProject (macOS)" */ = {
			isa = XCConfigurationList;
			buildConfigurations = (
				6A58C89C281E654A0001C317 /* Debug */,
				6A58C89D281E654A0001C317 /* Release */,
			);
			defaultConfigurationIsVisible = 0;
			defaultConfigurationName = Release;
		};
		6A58C89E281E654A0001C317 /* Build configuration list for PBXNativeTarget "Tests iOS" */ = {
			isa = XCConfigurationList;
			buildConfigurations = (
				6A58C89F281E654A0001C317 /* Debug */,
				6A58C8A0281E654A0001C317 /* Release */,
			);
			defaultConfigurationIsVisible = 0;
			defaultConfigurationName = Release;
		};
		6A58C8A1281E654A0001C317 /* Build configuration list for PBXNativeTarget "Tests macOS" */ = {
			isa = XCConfigurationList;
			buildConfigurations = (
				6A58C8A2281E654A0001C317 /* Debug */,
				6A58C8A3281E654A0001C317 /* Release */,
			);
			defaultConfigurationIsVisible = 0;
			defaultConfigurationName = Release;
		};
/* End XCConfigurationList section */

/* Begin XCRemoteSwiftPackageReference section */
		6A58C8D1281E67250001C317 /* XCRemoteSwiftPackageReference "core-plot" */ = {
			isa = XCRemoteSwiftPackageReference;
			repositoryURL = "http://github.com/core-plot/core-plot";
			requirement = {
				branch = "release-2.4";
				kind = branch;
			};
		};
		6A58C8D7281E679A0001C317 /* XCRemoteSwiftPackageReference "swift-numerics" */ = {
			isa = XCRemoteSwiftPackageReference;
			repositoryURL = "https://github.com/apple/swift-numerics.git";
			requirement = {
				kind = upToNextMajorVersion;
				minimumVersion = 1.0.0;
			};
		};
/* End XCRemoteSwiftPackageReference section */

/* Begin XCSwiftPackageProductDependency section */
		6A58C8D2281E67250001C317 /* CorePlot */ = {
			isa = XCSwiftPackageProductDependency;
			package = 6A58C8D1281E67250001C317 /* XCRemoteSwiftPackageReference "core-plot" */;
			productName = CorePlot;
		};
		6A58C8D5281E67350001C317 /* CorePlot */ = {
			isa = XCSwiftPackageProductDependency;
			package = 6A58C8D1281E67250001C317 /* XCRemoteSwiftPackageReference "core-plot" */;
			productName = CorePlot;
		};
		6A58C8D8281E679A0001C317 /* ComplexModule */ = {
			isa = XCSwiftPackageProductDependency;
			package = 6A58C8D7281E679A0001C317 /* XCRemoteSwiftPackageReference "swift-numerics" */;
			productName = ComplexModule;
		};
		6A58C8DA281E67AA0001C317 /* ComplexModule */ = {
			isa = XCSwiftPackageProductDependency;
			package = 6A58C8D7281E679A0001C317 /* XCRemoteSwiftPackageReference "swift-numerics" */;
			productName = ComplexModule;
		};
		6A58C8DC281E67C30001C317 /* Numerics */ = {
			isa = XCSwiftPackageProductDependency;
			package = 6A58C8D7281E679A0001C317 /* XCRemoteSwiftPackageReference "swift-numerics" */;
			productName = Numerics;
		};
		6A58C8DE281E67CA0001C317 /* Numerics */ = {
			isa = XCSwiftPackageProductDependency;
			package = 6A58C8D7281E679A0001C317 /* XCRemoteSwiftPackageReference "swift-numerics" */;
			productName = Numerics;
		};
/* End XCSwiftPackageProductDependency section */
	};
	rootObject = 6A58C863281E65440001C317 /* Project object */;
}
