// !$*UTF8*$!
{
	archiveVersion = 1;
	classes = {
	};
	objectVersion = 55;
	objects = {

/* Begin PBXBuildFile section */
		6A77B50227AE79E4002E18BA /* Tests_iOS.swift in Sources */ = {isa = PBXBuildFile; fileRef = 6A77B50127AE79E4002E18BA /* Tests_iOS.swift */; };
		6A77B50427AE79E4002E18BA /* Tests_iOSLaunchTests.swift in Sources */ = {isa = PBXBuildFile; fileRef = 6A77B50327AE79E4002E18BA /* Tests_iOSLaunchTests.swift */; };
		6A77B50E27AE79E4002E18BA /* Tests_macOS.swift in Sources */ = {isa = PBXBuildFile; fileRef = 6A77B50D27AE79E4002E18BA /* Tests_macOS.swift */; };
		6A77B51027AE79E4002E18BA /* Tests_macOSLaunchTests.swift in Sources */ = {isa = PBXBuildFile; fileRef = 6A77B50F27AE79E4002E18BA /* Tests_macOSLaunchTests.swift */; };
		6A77B51127AE79E4002E18BA /* QuadraticEquation_CalculatorApp.swift in Sources */ = {isa = PBXBuildFile; fileRef = 6A77B4E927AE79E2002E18BA /* QuadraticEquation_CalculatorApp.swift */; };
		6A77B51227AE79E4002E18BA /* QuadraticEquation_CalculatorApp.swift in Sources */ = {isa = PBXBuildFile; fileRef = 6A77B4E927AE79E2002E18BA /* QuadraticEquation_CalculatorApp.swift */; };
		6A77B51327AE79E4002E18BA /* ContentView.swift in Sources */ = {isa = PBXBuildFile; fileRef = 6A77B4EA27AE79E2002E18BA /* ContentView.swift */; };
		6A77B51427AE79E4002E18BA /* ContentView.swift in Sources */ = {isa = PBXBuildFile; fileRef = 6A77B4EA27AE79E2002E18BA /* ContentView.swift */; };
		6A77B51527AE79E4002E18BA /* Assets.xcassets in Resources */ = {isa = PBXBuildFile; fileRef = 6A77B4EB27AE79E4002E18BA /* Assets.xcassets */; };
		6A77B51627AE79E4002E18BA /* Assets.xcassets in Resources */ = {isa = PBXBuildFile; fileRef = 6A77B4EB27AE79E4002E18BA /* Assets.xcassets */; };
		6A77B52627AE7A63002E18BA /* QuadCalculator.swift in Sources */ = {isa = PBXBuildFile; fileRef = 6A77B52527AE7A63002E18BA /* QuadCalculator.swift */; };
		6A77B52727AE7A63002E18BA /* QuadCalculator.swift in Sources */ = {isa = PBXBuildFile; fileRef = 6A77B52527AE7A63002E18BA /* QuadCalculator.swift */; };
		6A77B52827AE7A63002E18BA /* QuadCalculator.swift in Sources */ = {isa = PBXBuildFile; fileRef = 6A77B52527AE7A63002E18BA /* QuadCalculator.swift */; };
		6A77B52927AE7A63002E18BA /* QuadCalculator.swift in Sources */ = {isa = PBXBuildFile; fileRef = 6A77B52527AE7A63002E18BA /* QuadCalculator.swift */; };
/* End PBXBuildFile section */

/* Begin PBXContainerItemProxy section */
		6A77B4FE27AE79E4002E18BA /* PBXContainerItemProxy */ = {
			isa = PBXContainerItemProxy;
			containerPortal = 6A77B4E427AE79E2002E18BA /* Project object */;
			proxyType = 1;
			remoteGlobalIDString = 6A77B4EF27AE79E4002E18BA;
			remoteInfo = "QuadraticEquation_Calculator (iOS)";
		};
		6A77B50A27AE79E4002E18BA /* PBXContainerItemProxy */ = {
			isa = PBXContainerItemProxy;
			containerPortal = 6A77B4E427AE79E2002E18BA /* Project object */;
			proxyType = 1;
			remoteGlobalIDString = 6A77B4F527AE79E4002E18BA;
			remoteInfo = "QuadraticEquation_Calculator (macOS)";
		};
/* End PBXContainerItemProxy section */

/* Begin PBXFileReference section */
		6A77B4E927AE79E2002E18BA /* QuadraticEquation_CalculatorApp.swift */ = {isa = PBXFileReference; lastKnownFileType = sourcecode.swift; path = QuadraticEquation_CalculatorApp.swift; sourceTree = "<group>"; };
		6A77B4EA27AE79E2002E18BA /* ContentView.swift */ = {isa = PBXFileReference; lastKnownFileType = sourcecode.swift; path = ContentView.swift; sourceTree = "<group>"; };
		6A77B4EB27AE79E4002E18BA /* Assets.xcassets */ = {isa = PBXFileReference; lastKnownFileType = folder.assetcatalog; path = Assets.xcassets; sourceTree = "<group>"; };
		6A77B4F027AE79E4002E18BA /* QuadraticEquation_Calculator.app */ = {isa = PBXFileReference; explicitFileType = wrapper.application; includeInIndex = 0; path = QuadraticEquation_Calculator.app; sourceTree = BUILT_PRODUCTS_DIR; };
		6A77B4F627AE79E4002E18BA /* QuadraticEquation_Calculator.app */ = {isa = PBXFileReference; explicitFileType = wrapper.application; includeInIndex = 0; path = QuadraticEquation_Calculator.app; sourceTree = BUILT_PRODUCTS_DIR; };
		6A77B4F827AE79E4002E18BA /* macOS.entitlements */ = {isa = PBXFileReference; lastKnownFileType = text.plist.entitlements; path = macOS.entitlements; sourceTree = "<group>"; };
		6A77B4FD27AE79E4002E18BA /* Tests iOS.xctest */ = {isa = PBXFileReference; explicitFileType = wrapper.cfbundle; includeInIndex = 0; path = "Tests iOS.xctest"; sourceTree = BUILT_PRODUCTS_DIR; };
		6A77B50127AE79E4002E18BA /* Tests_iOS.swift */ = {isa = PBXFileReference; lastKnownFileType = sourcecode.swift; path = Tests_iOS.swift; sourceTree = "<group>"; };
		6A77B50327AE79E4002E18BA /* Tests_iOSLaunchTests.swift */ = {isa = PBXFileReference; lastKnownFileType = sourcecode.swift; path = Tests_iOSLaunchTests.swift; sourceTree = "<group>"; };
		6A77B50927AE79E4002E18BA /* Tests macOS.xctest */ = {isa = PBXFileReference; explicitFileType = wrapper.cfbundle; includeInIndex = 0; path = "Tests macOS.xctest"; sourceTree = BUILT_PRODUCTS_DIR; };
		6A77B50D27AE79E4002E18BA /* Tests_macOS.swift */ = {isa = PBXFileReference; lastKnownFileType = sourcecode.swift; path = Tests_macOS.swift; sourceTree = "<group>"; };
		6A77B50F27AE79E4002E18BA /* Tests_macOSLaunchTests.swift */ = {isa = PBXFileReference; lastKnownFileType = sourcecode.swift; path = Tests_macOSLaunchTests.swift; sourceTree = "<group>"; };
		6A77B52527AE7A63002E18BA /* QuadCalculator.swift */ = {isa = PBXFileReference; lastKnownFileType = sourcecode.swift; path = QuadCalculator.swift; sourceTree = "<group>"; };
/* End PBXFileReference section */

/* Begin PBXFrameworksBuildPhase section */
		6A77B4ED27AE79E4002E18BA /* Frameworks */ = {
			isa = PBXFrameworksBuildPhase;
			buildActionMask = 2147483647;
			files = (
			);
			runOnlyForDeploymentPostprocessing = 0;
		};
		6A77B4F327AE79E4002E18BA /* Frameworks */ = {
			isa = PBXFrameworksBuildPhase;
			buildActionMask = 2147483647;
			files = (
			);
			runOnlyForDeploymentPostprocessing = 0;
		};
		6A77B4FA27AE79E4002E18BA /* Frameworks */ = {
			isa = PBXFrameworksBuildPhase;
			buildActionMask = 2147483647;
			files = (
			);
			runOnlyForDeploymentPostprocessing = 0;
		};
		6A77B50627AE79E4002E18BA /* Frameworks */ = {
			isa = PBXFrameworksBuildPhase;
			buildActionMask = 2147483647;
			files = (
			);
			runOnlyForDeploymentPostprocessing = 0;
		};
/* End PBXFrameworksBuildPhase section */

/* Begin PBXGroup section */
		6A77B4E327AE79E2002E18BA = {
			isa = PBXGroup;
			children = (
				6A77B4E827AE79E2002E18BA /* Shared */,
				6A77B4F727AE79E4002E18BA /* macOS */,
				6A77B50027AE79E4002E18BA /* Tests iOS */,
				6A77B50C27AE79E4002E18BA /* Tests macOS */,
				6A77B4F127AE79E4002E18BA /* Products */,
			);
			sourceTree = "<group>";
		};
		6A77B4E827AE79E2002E18BA /* Shared */ = {
			isa = PBXGroup;
			children = (
				6A77B4E927AE79E2002E18BA /* QuadraticEquation_CalculatorApp.swift */,
				6A77B52527AE7A63002E18BA /* QuadCalculator.swift */,
				6A77B4EA27AE79E2002E18BA /* ContentView.swift */,
				6A77B4EB27AE79E4002E18BA /* Assets.xcassets */,
			);
			path = Shared;
			sourceTree = "<group>";
		};
		6A77B4F127AE79E4002E18BA /* Products */ = {
			isa = PBXGroup;
			children = (
				6A77B4F027AE79E4002E18BA /* QuadraticEquation_Calculator.app */,
				6A77B4F627AE79E4002E18BA /* QuadraticEquation_Calculator.app */,
				6A77B4FD27AE79E4002E18BA /* Tests iOS.xctest */,
				6A77B50927AE79E4002E18BA /* Tests macOS.xctest */,
			);
			name = Products;
			sourceTree = "<group>";
		};
		6A77B4F727AE79E4002E18BA /* macOS */ = {
			isa = PBXGroup;
			children = (
				6A77B4F827AE79E4002E18BA /* macOS.entitlements */,
			);
			path = macOS;
			sourceTree = "<group>";
		};
		6A77B50027AE79E4002E18BA /* Tests iOS */ = {
			isa = PBXGroup;
			children = (
				6A77B50127AE79E4002E18BA /* Tests_iOS.swift */,
				6A77B50327AE79E4002E18BA /* Tests_iOSLaunchTests.swift */,
			);
			path = "Tests iOS";
			sourceTree = "<group>";
		};
		6A77B50C27AE79E4002E18BA /* Tests macOS */ = {
			isa = PBXGroup;
			children = (
				6A77B50D27AE79E4002E18BA /* Tests_macOS.swift */,
				6A77B50F27AE79E4002E18BA /* Tests_macOSLaunchTests.swift */,
			);
			path = "Tests macOS";
			sourceTree = "<group>";
		};
/* End PBXGroup section */

/* Begin PBXNativeTarget section */
		6A77B4EF27AE79E4002E18BA /* QuadraticEquation_Calculator (iOS) */ = {
			isa = PBXNativeTarget;
			buildConfigurationList = 6A77B51927AE79E4002E18BA /* Build configuration list for PBXNativeTarget "QuadraticEquation_Calculator (iOS)" */;
			buildPhases = (
				6A77B4EC27AE79E4002E18BA /* Sources */,
				6A77B4ED27AE79E4002E18BA /* Frameworks */,
				6A77B4EE27AE79E4002E18BA /* Resources */,
			);
			buildRules = (
			);
			dependencies = (
			);
			name = "QuadraticEquation_Calculator (iOS)";
			productName = "QuadraticEquation_Calculator (iOS)";
			productReference = 6A77B4F027AE79E4002E18BA /* QuadraticEquation_Calculator.app */;
			productType = "com.apple.product-type.application";
		};
		6A77B4F527AE79E4002E18BA /* QuadraticEquation_Calculator (macOS) */ = {
			isa = PBXNativeTarget;
			buildConfigurationList = 6A77B51C27AE79E4002E18BA /* Build configuration list for PBXNativeTarget "QuadraticEquation_Calculator (macOS)" */;
			buildPhases = (
				6A77B4F227AE79E4002E18BA /* Sources */,
				6A77B4F327AE79E4002E18BA /* Frameworks */,
				6A77B4F427AE79E4002E18BA /* Resources */,
			);
			buildRules = (
			);
			dependencies = (
			);
			name = "QuadraticEquation_Calculator (macOS)";
			productName = "QuadraticEquation_Calculator (macOS)";
			productReference = 6A77B4F627AE79E4002E18BA /* QuadraticEquation_Calculator.app */;
			productType = "com.apple.product-type.application";
		};
		6A77B4FC27AE79E4002E18BA /* Tests iOS */ = {
			isa = PBXNativeTarget;
			buildConfigurationList = 6A77B51F27AE79E4002E18BA /* Build configuration list for PBXNativeTarget "Tests iOS" */;
			buildPhases = (
				6A77B4F927AE79E4002E18BA /* Sources */,
				6A77B4FA27AE79E4002E18BA /* Frameworks */,
				6A77B4FB27AE79E4002E18BA /* Resources */,
			);
			buildRules = (
			);
			dependencies = (
				6A77B4FF27AE79E4002E18BA /* PBXTargetDependency */,
			);
			name = "Tests iOS";
			productName = "Tests iOS";
			productReference = 6A77B4FD27AE79E4002E18BA /* Tests iOS.xctest */;
			productType = "com.apple.product-type.bundle.ui-testing";
		};
		6A77B50827AE79E4002E18BA /* Tests macOS */ = {
			isa = PBXNativeTarget;
			buildConfigurationList = 6A77B52227AE79E4002E18BA /* Build configuration list for PBXNativeTarget "Tests macOS" */;
			buildPhases = (
				6A77B50527AE79E4002E18BA /* Sources */,
				6A77B50627AE79E4002E18BA /* Frameworks */,
				6A77B50727AE79E4002E18BA /* Resources */,
			);
			buildRules = (
			);
			dependencies = (
				6A77B50B27AE79E4002E18BA /* PBXTargetDependency */,
			);
			name = "Tests macOS";
			productName = "Tests macOS";
			productReference = 6A77B50927AE79E4002E18BA /* Tests macOS.xctest */;
			productType = "com.apple.product-type.bundle.ui-testing";
		};
/* End PBXNativeTarget section */

/* Begin PBXProject section */
		6A77B4E427AE79E2002E18BA /* Project object */ = {
			isa = PBXProject;
			attributes = {
				BuildIndependentTargetsInParallel = 1;
				LastSwiftUpdateCheck = 1320;
				LastUpgradeCheck = 1320;
				TargetAttributes = {
					6A77B4EF27AE79E4002E18BA = {
						CreatedOnToolsVersion = 13.2.1;
					};
					6A77B4F527AE79E4002E18BA = {
						CreatedOnToolsVersion = 13.2.1;
					};
					6A77B4FC27AE79E4002E18BA = {
						CreatedOnToolsVersion = 13.2.1;
						TestTargetID = 6A77B4EF27AE79E4002E18BA;
					};
					6A77B50827AE79E4002E18BA = {
						CreatedOnToolsVersion = 13.2.1;
						TestTargetID = 6A77B4F527AE79E4002E18BA;
					};
				};
			};
			buildConfigurationList = 6A77B4E727AE79E2002E18BA /* Build configuration list for PBXProject "QuadraticEquation_Calculator" */;
			compatibilityVersion = "Xcode 13.0";
			developmentRegion = en;
			hasScannedForEncodings = 0;
			knownRegions = (
				en,
				Base,
			);
			mainGroup = 6A77B4E327AE79E2002E18BA;
			productRefGroup = 6A77B4F127AE79E4002E18BA /* Products */;
			projectDirPath = "";
			projectRoot = "";
			targets = (
				6A77B4EF27AE79E4002E18BA /* QuadraticEquation_Calculator (iOS) */,
				6A77B4F527AE79E4002E18BA /* QuadraticEquation_Calculator (macOS) */,
				6A77B4FC27AE79E4002E18BA /* Tests iOS */,
				6A77B50827AE79E4002E18BA /* Tests macOS */,
			);
		};
/* End PBXProject section */

/* Begin PBXResourcesBuildPhase section */
		6A77B4EE27AE79E4002E18BA /* Resources */ = {
			isa = PBXResourcesBuildPhase;
			buildActionMask = 2147483647;
			files = (
				6A77B51527AE79E4002E18BA /* Assets.xcassets in Resources */,
			);
			runOnlyForDeploymentPostprocessing = 0;
		};
		6A77B4F427AE79E4002E18BA /* Resources */ = {
			isa = PBXResourcesBuildPhase;
			buildActionMask = 2147483647;
			files = (
				6A77B51627AE79E4002E18BA /* Assets.xcassets in Resources */,
			);
			runOnlyForDeploymentPostprocessing = 0;
		};
		6A77B4FB27AE79E4002E18BA /* Resources */ = {
			isa = PBXResourcesBuildPhase;
			buildActionMask = 2147483647;
			files = (
			);
			runOnlyForDeploymentPostprocessing = 0;
		};
		6A77B50727AE79E4002E18BA /* Resources */ = {
			isa = PBXResourcesBuildPhase;
			buildActionMask = 2147483647;
			files = (
			);
			runOnlyForDeploymentPostprocessing = 0;
		};
/* End PBXResourcesBuildPhase section */

/* Begin PBXSourcesBuildPhase section */
		6A77B4EC27AE79E4002E18BA /* Sources */ = {
			isa = PBXSourcesBuildPhase;
			buildActionMask = 2147483647;
			files = (
				6A77B52627AE7A63002E18BA /* QuadCalculator.swift in Sources */,
				6A77B51327AE79E4002E18BA /* ContentView.swift in Sources */,
				6A77B51127AE79E4002E18BA /* QuadraticEquation_CalculatorApp.swift in Sources */,
			);
			runOnlyForDeploymentPostprocessing = 0;
		};
		6A77B4F227AE79E4002E18BA /* Sources */ = {
			isa = PBXSourcesBuildPhase;
			buildActionMask = 2147483647;
			files = (
				6A77B52727AE7A63002E18BA /* QuadCalculator.swift in Sources */,
				6A77B51427AE79E4002E18BA /* ContentView.swift in Sources */,
				6A77B51227AE79E4002E18BA /* QuadraticEquation_CalculatorApp.swift in Sources */,
			);
			runOnlyForDeploymentPostprocessing = 0;
		};
		6A77B4F927AE79E4002E18BA /* Sources */ = {
			isa = PBXSourcesBuildPhase;
			buildActionMask = 2147483647;
			files = (
				6A77B52827AE7A63002E18BA /* QuadCalculator.swift in Sources */,
				6A77B50427AE79E4002E18BA /* Tests_iOSLaunchTests.swift in Sources */,
				6A77B50227AE79E4002E18BA /* Tests_iOS.swift in Sources */,
			);
			runOnlyForDeploymentPostprocessing = 0;
		};
		6A77B50527AE79E4002E18BA /* Sources */ = {
			isa = PBXSourcesBuildPhase;
			buildActionMask = 2147483647;
			files = (
				6A77B52927AE7A63002E18BA /* QuadCalculator.swift in Sources */,
				6A77B51027AE79E4002E18BA /* Tests_macOSLaunchTests.swift in Sources */,
				6A77B50E27AE79E4002E18BA /* Tests_macOS.swift in Sources */,
			);
			runOnlyForDeploymentPostprocessing = 0;
		};
/* End PBXSourcesBuildPhase section */

/* Begin PBXTargetDependency section */
		6A77B4FF27AE79E4002E18BA /* PBXTargetDependency */ = {
			isa = PBXTargetDependency;
			target = 6A77B4EF27AE79E4002E18BA /* QuadraticEquation_Calculator (iOS) */;
			targetProxy = 6A77B4FE27AE79E4002E18BA /* PBXContainerItemProxy */;
		};
		6A77B50B27AE79E4002E18BA /* PBXTargetDependency */ = {
			isa = PBXTargetDependency;
			target = 6A77B4F527AE79E4002E18BA /* QuadraticEquation_Calculator (macOS) */;
			targetProxy = 6A77B50A27AE79E4002E18BA /* PBXContainerItemProxy */;
		};
/* End PBXTargetDependency section */

/* Begin XCBuildConfiguration section */
		6A77B51727AE79E4002E18BA /* Debug */ = {
			isa = XCBuildConfiguration;
			buildSettings = {
				ALWAYS_SEARCH_USER_PATHS = NO;
				CLANG_ANALYZER_NONNULL = YES;
				CLANG_ANALYZER_NUMBER_OBJECT_CONVERSION = YES_AGGRESSIVE;
				CLANG_CXX_LANGUAGE_STANDARD = "gnu++17";
				CLANG_CXX_LIBRARY = "libc++";
				CLANG_ENABLE_MODULES = YES;
				CLANG_ENABLE_OBJC_ARC = YES;
				CLANG_ENABLE_OBJC_WEAK = YES;
				CLANG_WARN_BLOCK_CAPTURE_AUTORELEASING = YES;
				CLANG_WARN_BOOL_CONVERSION = YES;
				CLANG_WARN_COMMA = YES;
				CLANG_WARN_CONSTANT_CONVERSION = YES;
				CLANG_WARN_DEPRECATED_OBJC_IMPLEMENTATIONS = YES;
				CLANG_WARN_DIRECT_OBJC_ISA_USAGE = YES_ERROR;
				CLANG_WARN_DOCUMENTATION_COMMENTS = YES;
				CLANG_WARN_EMPTY_BODY = YES;
				CLANG_WARN_ENUM_CONVERSION = YES;
				CLANG_WARN_INFINITE_RECURSION = YES;
				CLANG_WARN_INT_CONVERSION = YES;
				CLANG_WARN_NON_LITERAL_NULL_CONVERSION = YES;
				CLANG_WARN_OBJC_IMPLICIT_RETAIN_SELF = YES;
				CLANG_WARN_OBJC_LITERAL_CONVERSION = YES;
				CLANG_WARN_OBJC_ROOT_CLASS = YES_ERROR;
				CLANG_WARN_QUOTED_INCLUDE_IN_FRAMEWORK_HEADER = YES;
				CLANG_WARN_RANGE_LOOP_ANALYSIS = YES;
				CLANG_WARN_STRICT_PROTOTYPES = YES;
				CLANG_WARN_SUSPICIOUS_MOVE = YES;
				CLANG_WARN_UNGUARDED_AVAILABILITY = YES_AGGRESSIVE;
				CLANG_WARN_UNREACHABLE_CODE = YES;
				CLANG_WARN__DUPLICATE_METHOD_MATCH = YES;
				COPY_PHASE_STRIP = NO;
				DEBUG_INFORMATION_FORMAT = dwarf;
				ENABLE_STRICT_OBJC_MSGSEND = YES;
				ENABLE_TESTABILITY = YES;
				GCC_C_LANGUAGE_STANDARD = gnu11;
				GCC_DYNAMIC_NO_PIC = NO;
				GCC_NO_COMMON_BLOCKS = YES;
				GCC_OPTIMIZATION_LEVEL = 0;
				GCC_PREPROCESSOR_DEFINITIONS = (
					"DEBUG=1",
					"$(inherited)",
				);
				GCC_WARN_64_TO_32_BIT_CONVERSION = YES;
				GCC_WARN_ABOUT_RETURN_TYPE = YES_ERROR;
				GCC_WARN_UNDECLARED_SELECTOR = YES;
				GCC_WARN_UNINITIALIZED_AUTOS = YES_AGGRESSIVE;
				GCC_WARN_UNUSED_FUNCTION = YES;
				GCC_WARN_UNUSED_VARIABLE = YES;
				MTL_ENABLE_DEBUG_INFO = INCLUDE_SOURCE;
				MTL_FAST_MATH = YES;
				ONLY_ACTIVE_ARCH = YES;
				SWIFT_ACTIVE_COMPILATION_CONDITIONS = DEBUG;
				SWIFT_OPTIMIZATION_LEVEL = "-Onone";
			};
			name = Debug;
		};
		6A77B51827AE79E4002E18BA /* Release */ = {
			isa = XCBuildConfiguration;
			buildSettings = {
				ALWAYS_SEARCH_USER_PATHS = NO;
				CLANG_ANALYZER_NONNULL = YES;
				CLANG_ANALYZER_NUMBER_OBJECT_CONVERSION = YES_AGGRESSIVE;
				CLANG_CXX_LANGUAGE_STANDARD = "gnu++17";
				CLANG_CXX_LIBRARY = "libc++";
				CLANG_ENABLE_MODULES = YES;
				CLANG_ENABLE_OBJC_ARC = YES;
				CLANG_ENABLE_OBJC_WEAK = YES;
				CLANG_WARN_BLOCK_CAPTURE_AUTORELEASING = YES;
				CLANG_WARN_BOOL_CONVERSION = YES;
				CLANG_WARN_COMMA = YES;
				CLANG_WARN_CONSTANT_CONVERSION = YES;
				CLANG_WARN_DEPRECATED_OBJC_IMPLEMENTATIONS = YES;
				CLANG_WARN_DIRECT_OBJC_ISA_USAGE = YES_ERROR;
				CLANG_WARN_DOCUMENTATION_COMMENTS = YES;
				CLANG_WARN_EMPTY_BODY = YES;
				CLANG_WARN_ENUM_CONVERSION = YES;
				CLANG_WARN_INFINITE_RECURSION = YES;
				CLANG_WARN_INT_CONVERSION = YES;
				CLANG_WARN_NON_LITERAL_NULL_CONVERSION = YES;
				CLANG_WARN_OBJC_IMPLICIT_RETAIN_SELF = YES;
				CLANG_WARN_OBJC_LITERAL_CONVERSION = YES;
				CLANG_WARN_OBJC_ROOT_CLASS = YES_ERROR;
				CLANG_WARN_QUOTED_INCLUDE_IN_FRAMEWORK_HEADER = YES;
				CLANG_WARN_RANGE_LOOP_ANALYSIS = YES;
				CLANG_WARN_STRICT_PROTOTYPES = YES;
				CLANG_WARN_SUSPICIOUS_MOVE = YES;
				CLANG_WARN_UNGUARDED_AVAILABILITY = YES_AGGRESSIVE;
				CLANG_WARN_UNREACHABLE_CODE = YES;
				CLANG_WARN__DUPLICATE_METHOD_MATCH = YES;
				COPY_PHASE_STRIP = NO;
				DEBUG_INFORMATION_FORMAT = "dwarf-with-dsym";
				ENABLE_NS_ASSERTIONS = NO;
				ENABLE_STRICT_OBJC_MSGSEND = YES;
				GCC_C_LANGUAGE_STANDARD = gnu11;
				GCC_NO_COMMON_BLOCKS = YES;
				GCC_WARN_64_TO_32_BIT_CONVERSION = YES;
				GCC_WARN_ABOUT_RETURN_TYPE = YES_ERROR;
				GCC_WARN_UNDECLARED_SELECTOR = YES;
				GCC_WARN_UNINITIALIZED_AUTOS = YES_AGGRESSIVE;
				GCC_WARN_UNUSED_FUNCTION = YES;
				GCC_WARN_UNUSED_VARIABLE = YES;
				MTL_ENABLE_DEBUG_INFO = NO;
				MTL_FAST_MATH = YES;
				SWIFT_COMPILATION_MODE = wholemodule;
				SWIFT_OPTIMIZATION_LEVEL = "-O";
			};
			name = Release;
		};
		6A77B51A27AE79E4002E18BA /* Debug */ = {
			isa = XCBuildConfiguration;
			buildSettings = {
				ASSETCATALOG_COMPILER_APPICON_NAME = AppIcon;
				ASSETCATALOG_COMPILER_GLOBAL_ACCENT_COLOR_NAME = AccentColor;
				CODE_SIGN_STYLE = Automatic;
				CURRENT_PROJECT_VERSION = 1;
				DEVELOPMENT_TEAM = B6RA4R6AG4;
				ENABLE_PREVIEWS = YES;
				GENERATE_INFOPLIST_FILE = YES;
				INFOPLIST_KEY_UIApplicationSceneManifest_Generation = YES;
				INFOPLIST_KEY_UIApplicationSupportsIndirectInputEvents = YES;
				INFOPLIST_KEY_UILaunchScreen_Generation = YES;
				INFOPLIST_KEY_UISupportedInterfaceOrientations_iPad = "UIInterfaceOrientationPortrait UIInterfaceOrientationPortraitUpsideDown UIInterfaceOrientationLandscapeLeft UIInterfaceOrientationLandscapeRight";
				INFOPLIST_KEY_UISupportedInterfaceOrientations_iPhone = "UIInterfaceOrientationPortrait UIInterfaceOrientationLandscapeLeft UIInterfaceOrientationLandscapeRight";
				IPHONEOS_DEPLOYMENT_TARGET = 15.2;
				LD_RUNPATH_SEARCH_PATHS = (
					"$(inherited)",
					"@executable_path/Frameworks",
				);
				MARKETING_VERSION = 1.0;
				PRODUCT_BUNDLE_IDENTIFIER = "J.QuadraticEquation-Calculator";
				PRODUCT_NAME = QuadraticEquation_Calculator;
				SDKROOT = iphoneos;
				SWIFT_EMIT_LOC_STRINGS = YES;
				SWIFT_VERSION = 5.0;
				TARGETED_DEVICE_FAMILY = "1,2";
			};
			name = Debug;
		};
		6A77B51B27AE79E4002E18BA /* Release */ = {
			isa = XCBuildConfiguration;
			buildSettings = {
				ASSETCATALOG_COMPILER_APPICON_NAME = AppIcon;
				ASSETCATALOG_COMPILER_GLOBAL_ACCENT_COLOR_NAME = AccentColor;
				CODE_SIGN_STYLE = Automatic;
				CURRENT_PROJECT_VERSION = 1;
				DEVELOPMENT_TEAM = B6RA4R6AG4;
				ENABLE_PREVIEWS = YES;
				GENERATE_INFOPLIST_FILE = YES;
				INFOPLIST_KEY_UIApplicationSceneManifest_Generation = YES;
				INFOPLIST_KEY_UIApplicationSupportsIndirectInputEvents = YES;
				INFOPLIST_KEY_UILaunchScreen_Generation = YES;
				INFOPLIST_KEY_UISupportedInterfaceOrientations_iPad = "UIInterfaceOrientationPortrait UIInterfaceOrientationPortraitUpsideDown UIInterfaceOrientationLandscapeLeft UIInterfaceOrientationLandscapeRight";
				INFOPLIST_KEY_UISupportedInterfaceOrientations_iPhone = "UIInterfaceOrientationPortrait UIInterfaceOrientationLandscapeLeft UIInterfaceOrientationLandscapeRight";
				IPHONEOS_DEPLOYMENT_TARGET = 15.2;
				LD_RUNPATH_SEARCH_PATHS = (
					"$(inherited)",
					"@executable_path/Frameworks",
				);
				MARKETING_VERSION = 1.0;
				PRODUCT_BUNDLE_IDENTIFIER = "J.QuadraticEquation-Calculator";
				PRODUCT_NAME = QuadraticEquation_Calculator;
				SDKROOT = iphoneos;
				SWIFT_EMIT_LOC_STRINGS = YES;
				SWIFT_VERSION = 5.0;
				TARGETED_DEVICE_FAMILY = "1,2";
				VALIDATE_PRODUCT = YES;
			};
			name = Release;
		};
		6A77B51D27AE79E4002E18BA /* Debug */ = {
			isa = XCBuildConfiguration;
			buildSettings = {
				ASSETCATALOG_COMPILER_APPICON_NAME = AppIcon;
				ASSETCATALOG_COMPILER_GLOBAL_ACCENT_COLOR_NAME = AccentColor;
				CODE_SIGN_ENTITLEMENTS = macOS/macOS.entitlements;
				CODE_SIGN_STYLE = Automatic;
				COMBINE_HIDPI_IMAGES = YES;
				CURRENT_PROJECT_VERSION = 1;
				DEVELOPMENT_TEAM = B6RA4R6AG4;
				ENABLE_HARDENED_RUNTIME = YES;
				ENABLE_PREVIEWS = YES;
				GENERATE_INFOPLIST_FILE = YES;
				INFOPLIST_KEY_NSHumanReadableCopyright = "";
				LD_RUNPATH_SEARCH_PATHS = (
					"$(inherited)",
					"@executable_path/../Frameworks",
				);
				MACOSX_DEPLOYMENT_TARGET = 12.1;
				MARKETING_VERSION = 1.0;
				PRODUCT_BUNDLE_IDENTIFIER = "J.QuadraticEquation-Calculator";
				PRODUCT_NAME = QuadraticEquation_Calculator;
				SDKROOT = macosx;
				SWIFT_EMIT_LOC_STRINGS = YES;
				SWIFT_VERSION = 5.0;
			};
			name = Debug;
		};
		6A77B51E27AE79E4002E18BA /* Release */ = {
			isa = XCBuildConfiguration;
			buildSettings = {
				ASSETCATALOG_COMPILER_APPICON_NAME = AppIcon;
				ASSETCATALOG_COMPILER_GLOBAL_ACCENT_COLOR_NAME = AccentColor;
				CODE_SIGN_ENTITLEMENTS = macOS/macOS.entitlements;
				CODE_SIGN_STYLE = Automatic;
				COMBINE_HIDPI_IMAGES = YES;
				CURRENT_PROJECT_VERSION = 1;
				DEVELOPMENT_TEAM = B6RA4R6AG4;
				ENABLE_HARDENED_RUNTIME = YES;
				ENABLE_PREVIEWS = YES;
				GENERATE_INFOPLIST_FILE = YES;
				INFOPLIST_KEY_NSHumanReadableCopyright = "";
				LD_RUNPATH_SEARCH_PATHS = (
					"$(inherited)",
					"@executable_path/../Frameworks",
				);
				MACOSX_DEPLOYMENT_TARGET = 12.1;
				MARKETING_VERSION = 1.0;
				PRODUCT_BUNDLE_IDENTIFIER = "J.QuadraticEquation-Calculator";
				PRODUCT_NAME = QuadraticEquation_Calculator;
				SDKROOT = macosx;
				SWIFT_EMIT_LOC_STRINGS = YES;
				SWIFT_VERSION = 5.0;
			};
			name = Release;
		};
		6A77B52027AE79E4002E18BA /* Debug */ = {
			isa = XCBuildConfiguration;
			buildSettings = {
				ALWAYS_EMBED_SWIFT_STANDARD_LIBRARIES = YES;
				CODE_SIGN_STYLE = Automatic;
				CURRENT_PROJECT_VERSION = 1;
				DEVELOPMENT_TEAM = B6RA4R6AG4;
				GENERATE_INFOPLIST_FILE = YES;
				IPHONEOS_DEPLOYMENT_TARGET = 15.2;
				MARKETING_VERSION = 1.0;
				PRODUCT_BUNDLE_IDENTIFIER = "J.Tests-iOS";
				PRODUCT_NAME = "$(TARGET_NAME)";
				SDKROOT = iphoneos;
				SWIFT_EMIT_LOC_STRINGS = NO;
				SWIFT_VERSION = 5.0;
				TARGETED_DEVICE_FAMILY = "1,2";
				TEST_TARGET_NAME = "QuadraticEquation_Calculator (iOS)";
			};
			name = Debug;
		};
		6A77B52127AE79E4002E18BA /* Release */ = {
			isa = XCBuildConfiguration;
			buildSettings = {
				ALWAYS_EMBED_SWIFT_STANDARD_LIBRARIES = YES;
				CODE_SIGN_STYLE = Automatic;
				CURRENT_PROJECT_VERSION = 1;
				DEVELOPMENT_TEAM = B6RA4R6AG4;
				GENERATE_INFOPLIST_FILE = YES;
				IPHONEOS_DEPLOYMENT_TARGET = 15.2;
				MARKETING_VERSION = 1.0;
				PRODUCT_BUNDLE_IDENTIFIER = "J.Tests-iOS";
				PRODUCT_NAME = "$(TARGET_NAME)";
				SDKROOT = iphoneos;
				SWIFT_EMIT_LOC_STRINGS = NO;
				SWIFT_VERSION = 5.0;
				TARGETED_DEVICE_FAMILY = "1,2";
				TEST_TARGET_NAME = "QuadraticEquation_Calculator (iOS)";
				VALIDATE_PRODUCT = YES;
			};
			name = Release;
		};
		6A77B52327AE79E4002E18BA /* Debug */ = {
			isa = XCBuildConfiguration;
			buildSettings = {
				ALWAYS_EMBED_SWIFT_STANDARD_LIBRARIES = YES;
				CODE_SIGN_STYLE = Automatic;
				CURRENT_PROJECT_VERSION = 1;
				DEVELOPMENT_TEAM = B6RA4R6AG4;
				GENERATE_INFOPLIST_FILE = YES;
				MACOSX_DEPLOYMENT_TARGET = 12.1;
				MARKETING_VERSION = 1.0;
				PRODUCT_BUNDLE_IDENTIFIER = "J.Tests-macOS";
				PRODUCT_NAME = "$(TARGET_NAME)";
				SDKROOT = macosx;
				SWIFT_EMIT_LOC_STRINGS = NO;
				SWIFT_VERSION = 5.0;
				TEST_TARGET_NAME = "QuadraticEquation_Calculator (macOS)";
			};
			name = Debug;
		};
		6A77B52427AE79E4002E18BA /* Release */ = {
			isa = XCBuildConfiguration;
			buildSettings = {
				ALWAYS_EMBED_SWIFT_STANDARD_LIBRARIES = YES;
				CODE_SIGN_STYLE = Automatic;
				CURRENT_PROJECT_VERSION = 1;
				DEVELOPMENT_TEAM = B6RA4R6AG4;
				GENERATE_INFOPLIST_FILE = YES;
				MACOSX_DEPLOYMENT_TARGET = 12.1;
				MARKETING_VERSION = 1.0;
				PRODUCT_BUNDLE_IDENTIFIER = "J.Tests-macOS";
				PRODUCT_NAME = "$(TARGET_NAME)";
				SDKROOT = macosx;
				SWIFT_EMIT_LOC_STRINGS = NO;
				SWIFT_VERSION = 5.0;
				TEST_TARGET_NAME = "QuadraticEquation_Calculator (macOS)";
			};
			name = Release;
		};
/* End XCBuildConfiguration section */

/* Begin XCConfigurationList section */
		6A77B4E727AE79E2002E18BA /* Build configuration list for PBXProject "QuadraticEquation_Calculator" */ = {
			isa = XCConfigurationList;
			buildConfigurations = (
				6A77B51727AE79E4002E18BA /* Debug */,
				6A77B51827AE79E4002E18BA /* Release */,
			);
			defaultConfigurationIsVisible = 0;
			defaultConfigurationName = Release;
		};
		6A77B51927AE79E4002E18BA /* Build configuration list for PBXNativeTarget "QuadraticEquation_Calculator (iOS)" */ = {
			isa = XCConfigurationList;
			buildConfigurations = (
				6A77B51A27AE79E4002E18BA /* Debug */,
				6A77B51B27AE79E4002E18BA /* Release */,
			);
			defaultConfigurationIsVisible = 0;
			defaultConfigurationName = Release;
		};
		6A77B51C27AE79E4002E18BA /* Build configuration list for PBXNativeTarget "QuadraticEquation_Calculator (macOS)" */ = {
			isa = XCConfigurationList;
			buildConfigurations = (
				6A77B51D27AE79E4002E18BA /* Debug */,
				6A77B51E27AE79E4002E18BA /* Release */,
			);
			defaultConfigurationIsVisible = 0;
			defaultConfigurationName = Release;
		};
		6A77B51F27AE79E4002E18BA /* Build configuration list for PBXNativeTarget "Tests iOS" */ = {
			isa = XCConfigurationList;
			buildConfigurations = (
				6A77B52027AE79E4002E18BA /* Debug */,
				6A77B52127AE79E4002E18BA /* Release */,
			);
			defaultConfigurationIsVisible = 0;
			defaultConfigurationName = Release;
		};
		6A77B52227AE79E4002E18BA /* Build configuration list for PBXNativeTarget "Tests macOS" */ = {
			isa = XCConfigurationList;
			buildConfigurations = (
				6A77B52327AE79E4002E18BA /* Debug */,
				6A77B52427AE79E4002E18BA /* Release */,
			);
			defaultConfigurationIsVisible = 0;
			defaultConfigurationName = Release;
		};
/* End XCConfigurationList section */
	};
	rootObject = 6A77B4E427AE79E2002E18BA /* Project object */;
}
