// !$*UTF8*$!
{
	archiveVersion = 1;
	classes = {
	};
	objectVersion = 55;
	objects = {

/* Begin PBXBuildFile section */
		6A6AAEA127A4AD9F00CB48C1 /* Tests_iOS.swift in Sources */ = {isa = PBXBuildFile; fileRef = 6A6AAEA027A4AD9F00CB48C1 /* Tests_iOS.swift */; };
		6A6AAEA327A4AD9F00CB48C1 /* Tests_iOSLaunchTests.swift in Sources */ = {isa = PBXBuildFile; fileRef = 6A6AAEA227A4AD9F00CB48C1 /* Tests_iOSLaunchTests.swift */; };
		6A6AAEAD27A4AD9F00CB48C1 /* Tests_macOS.swift in Sources */ = {isa = PBXBuildFile; fileRef = 6A6AAEAC27A4AD9F00CB48C1 /* Tests_macOS.swift */; };
		6A6AAEAF27A4AD9F00CB48C1 /* Tests_macOSLaunchTests.swift in Sources */ = {isa = PBXBuildFile; fileRef = 6A6AAEAE27A4AD9F00CB48C1 /* Tests_macOSLaunchTests.swift */; };
		6A6AAEB027A4AD9F00CB48C1 /* sinxApp.swift in Sources */ = {isa = PBXBuildFile; fileRef = 6A6AAE8827A4AD9D00CB48C1 /* sinxApp.swift */; };
		6A6AAEB127A4AD9F00CB48C1 /* sinxApp.swift in Sources */ = {isa = PBXBuildFile; fileRef = 6A6AAE8827A4AD9D00CB48C1 /* sinxApp.swift */; };
		6A6AAEB227A4AD9F00CB48C1 /* ContentView.swift in Sources */ = {isa = PBXBuildFile; fileRef = 6A6AAE8927A4AD9D00CB48C1 /* ContentView.swift */; };
		6A6AAEB327A4AD9F00CB48C1 /* ContentView.swift in Sources */ = {isa = PBXBuildFile; fileRef = 6A6AAE8927A4AD9D00CB48C1 /* ContentView.swift */; };
		6A6AAEB427A4AD9F00CB48C1 /* Assets.xcassets in Resources */ = {isa = PBXBuildFile; fileRef = 6A6AAE8A27A4AD9F00CB48C1 /* Assets.xcassets */; };
		6A6AAEB527A4AD9F00CB48C1 /* Assets.xcassets in Resources */ = {isa = PBXBuildFile; fileRef = 6A6AAE8A27A4AD9F00CB48C1 /* Assets.xcassets */; };
		6A77B41927AD9ED6002E18BA /* Sin_x_Calculator.swift in Sources */ = {isa = PBXBuildFile; fileRef = 6A77B41827AD9ED6002E18BA /* Sin_x_Calculator.swift */; };
		6A77B41A27AD9ED6002E18BA /* Sin_x_Calculator.swift in Sources */ = {isa = PBXBuildFile; fileRef = 6A77B41827AD9ED6002E18BA /* Sin_x_Calculator.swift */; };
		6A77B41B27AD9ED6002E18BA /* Sin_x_Calculator.swift in Sources */ = {isa = PBXBuildFile; fileRef = 6A77B41827AD9ED6002E18BA /* Sin_x_Calculator.swift */; };
		6A77B41C27AD9ED6002E18BA /* Sin_x_Calculator.swift in Sources */ = {isa = PBXBuildFile; fileRef = 6A77B41827AD9ED6002E18BA /* Sin_x_Calculator.swift */; };
		6A77B41E27AD9F68002E18BA /* CorePlot.swift in Sources */ = {isa = PBXBuildFile; fileRef = 6A77B41D27AD9F68002E18BA /* CorePlot.swift */; };
		6A77B41F27AD9F68002E18BA /* CorePlot.swift in Sources */ = {isa = PBXBuildFile; fileRef = 6A77B41D27AD9F68002E18BA /* CorePlot.swift */; };
		6A77B42027AD9F68002E18BA /* CorePlot.swift in Sources */ = {isa = PBXBuildFile; fileRef = 6A77B41D27AD9F68002E18BA /* CorePlot.swift */; };
		6A77B42127AD9F68002E18BA /* CorePlot.swift in Sources */ = {isa = PBXBuildFile; fileRef = 6A77B41D27AD9F68002E18BA /* CorePlot.swift */; };
		6A77B42327AD9FB5002E18BA /* CalculatePlotData.swift in Sources */ = {isa = PBXBuildFile; fileRef = 6A77B42227AD9FB5002E18BA /* CalculatePlotData.swift */; };
		6A77B42427AD9FB5002E18BA /* CalculatePlotData.swift in Sources */ = {isa = PBXBuildFile; fileRef = 6A77B42227AD9FB5002E18BA /* CalculatePlotData.swift */; };
		6A77B42527AD9FB5002E18BA /* CalculatePlotData.swift in Sources */ = {isa = PBXBuildFile; fileRef = 6A77B42227AD9FB5002E18BA /* CalculatePlotData.swift */; };
		6A77B42627AD9FB5002E18BA /* CalculatePlotData.swift in Sources */ = {isa = PBXBuildFile; fileRef = 6A77B42227AD9FB5002E18BA /* CalculatePlotData.swift */; };
		6A77B42827AD9FE2002E18BA /* CalculatePlotParameters.swift in Sources */ = {isa = PBXBuildFile; fileRef = 6A77B42727AD9FE2002E18BA /* CalculatePlotParameters.swift */; };
		6A77B42927AD9FE2002E18BA /* CalculatePlotParameters.swift in Sources */ = {isa = PBXBuildFile; fileRef = 6A77B42727AD9FE2002E18BA /* CalculatePlotParameters.swift */; };
		6A77B42A27AD9FE2002E18BA /* CalculatePlotParameters.swift in Sources */ = {isa = PBXBuildFile; fileRef = 6A77B42727AD9FE2002E18BA /* CalculatePlotParameters.swift */; };
		6A77B42B27AD9FE2002E18BA /* CalculatePlotParameters.swift in Sources */ = {isa = PBXBuildFile; fileRef = 6A77B42727AD9FE2002E18BA /* CalculatePlotParameters.swift */; };
		6A77B42D27ADA025002E18BA /* Operators.swift in Sources */ = {isa = PBXBuildFile; fileRef = 6A77B42C27ADA025002E18BA /* Operators.swift */; };
		6A77B42E27ADA025002E18BA /* Operators.swift in Sources */ = {isa = PBXBuildFile; fileRef = 6A77B42C27ADA025002E18BA /* Operators.swift */; };
		6A77B42F27ADA025002E18BA /* Operators.swift in Sources */ = {isa = PBXBuildFile; fileRef = 6A77B42C27ADA025002E18BA /* Operators.swift */; };
		6A77B43027ADA025002E18BA /* Operators.swift in Sources */ = {isa = PBXBuildFile; fileRef = 6A77B42C27ADA025002E18BA /* Operators.swift */; };
		6A77B48927ADD97A002E18BA /* CorePlot in Frameworks */ = {isa = PBXBuildFile; productRef = 6A77B48827ADD97A002E18BA /* CorePlot */; };
		6A77B48C27ADD9AE002E18BA /* CorePlot in Frameworks */ = {isa = PBXBuildFile; productRef = 6A77B48B27ADD9AE002E18BA /* CorePlot */; };
		6A77B48E27ADDA38002E18BA /* PlotDataClass.swift in Sources */ = {isa = PBXBuildFile; fileRef = 6A77B48D27ADDA38002E18BA /* PlotDataClass.swift */; };
		6A77B48F27ADDA38002E18BA /* PlotDataClass.swift in Sources */ = {isa = PBXBuildFile; fileRef = 6A77B48D27ADDA38002E18BA /* PlotDataClass.swift */; };
		6A77B49027ADDA38002E18BA /* PlotDataClass.swift in Sources */ = {isa = PBXBuildFile; fileRef = 6A77B48D27ADDA38002E18BA /* PlotDataClass.swift */; };
		6A77B49127ADDA38002E18BA /* PlotDataClass.swift in Sources */ = {isa = PBXBuildFile; fileRef = 6A77B48D27ADDA38002E18BA /* PlotDataClass.swift */; };
/* End PBXBuildFile section */

/* Begin PBXContainerItemProxy section */
		6A6AAE9D27A4AD9F00CB48C1 /* PBXContainerItemProxy */ = {
			isa = PBXContainerItemProxy;
			containerPortal = 6A6AAE8327A4AD9D00CB48C1 /* Project object */;
			proxyType = 1;
			remoteGlobalIDString = 6A6AAE8E27A4AD9F00CB48C1;
			remoteInfo = "sinx (iOS)";
		};
		6A6AAEA927A4AD9F00CB48C1 /* PBXContainerItemProxy */ = {
			isa = PBXContainerItemProxy;
			containerPortal = 6A6AAE8327A4AD9D00CB48C1 /* Project object */;
			proxyType = 1;
			remoteGlobalIDString = 6A6AAE9427A4AD9F00CB48C1;
			remoteInfo = "sinx (macOS)";
		};
/* End PBXContainerItemProxy section */

/* Begin PBXFileReference section */
		6A6AAE8827A4AD9D00CB48C1 /* sinxApp.swift */ = {isa = PBXFileReference; lastKnownFileType = sourcecode.swift; path = sinxApp.swift; sourceTree = "<group>"; };
		6A6AAE8927A4AD9D00CB48C1 /* ContentView.swift */ = {isa = PBXFileReference; lastKnownFileType = sourcecode.swift; path = ContentView.swift; sourceTree = "<group>"; };
		6A6AAE8A27A4AD9F00CB48C1 /* Assets.xcassets */ = {isa = PBXFileReference; lastKnownFileType = folder.assetcatalog; path = Assets.xcassets; sourceTree = "<group>"; };
		6A6AAE8F27A4AD9F00CB48C1 /* sinx.app */ = {isa = PBXFileReference; explicitFileType = wrapper.application; includeInIndex = 0; path = sinx.app; sourceTree = BUILT_PRODUCTS_DIR; };
		6A6AAE9527A4AD9F00CB48C1 /* sinx.app */ = {isa = PBXFileReference; explicitFileType = wrapper.application; includeInIndex = 0; path = sinx.app; sourceTree = BUILT_PRODUCTS_DIR; };
		6A6AAE9727A4AD9F00CB48C1 /* macOS.entitlements */ = {isa = PBXFileReference; lastKnownFileType = text.plist.entitlements; path = macOS.entitlements; sourceTree = "<group>"; };
		6A6AAE9C27A4AD9F00CB48C1 /* Tests iOS.xctest */ = {isa = PBXFileReference; explicitFileType = wrapper.cfbundle; includeInIndex = 0; path = "Tests iOS.xctest"; sourceTree = BUILT_PRODUCTS_DIR; };
		6A6AAEA027A4AD9F00CB48C1 /* Tests_iOS.swift */ = {isa = PBXFileReference; lastKnownFileType = sourcecode.swift; path = Tests_iOS.swift; sourceTree = "<group>"; };
		6A6AAEA227A4AD9F00CB48C1 /* Tests_iOSLaunchTests.swift */ = {isa = PBXFileReference; lastKnownFileType = sourcecode.swift; path = Tests_iOSLaunchTests.swift; sourceTree = "<group>"; };
		6A6AAEA827A4AD9F00CB48C1 /* Tests macOS.xctest */ = {isa = PBXFileReference; explicitFileType = wrapper.cfbundle; includeInIndex = 0; path = "Tests macOS.xctest"; sourceTree = BUILT_PRODUCTS_DIR; };
		6A6AAEAC27A4AD9F00CB48C1 /* Tests_macOS.swift */ = {isa = PBXFileReference; lastKnownFileType = sourcecode.swift; path = Tests_macOS.swift; sourceTree = "<group>"; };
		6A6AAEAE27A4AD9F00CB48C1 /* Tests_macOSLaunchTests.swift */ = {isa = PBXFileReference; lastKnownFileType = sourcecode.swift; path = Tests_macOSLaunchTests.swift; sourceTree = "<group>"; };
		6A77B41827AD9ED6002E18BA /* Sin_x_Calculator.swift */ = {isa = PBXFileReference; lastKnownFileType = sourcecode.swift; path = Sin_x_Calculator.swift; sourceTree = "<group>"; };
		6A77B41D27AD9F68002E18BA /* CorePlot.swift */ = {isa = PBXFileReference; lastKnownFileType = sourcecode.swift; path = CorePlot.swift; sourceTree = "<group>"; };
		6A77B42227AD9FB5002E18BA /* CalculatePlotData.swift */ = {isa = PBXFileReference; lastKnownFileType = sourcecode.swift; path = CalculatePlotData.swift; sourceTree = "<group>"; };
		6A77B42727AD9FE2002E18BA /* CalculatePlotParameters.swift */ = {isa = PBXFileReference; lastKnownFileType = sourcecode.swift; path = CalculatePlotParameters.swift; sourceTree = "<group>"; };
		6A77B42C27ADA025002E18BA /* Operators.swift */ = {isa = PBXFileReference; lastKnownFileType = sourcecode.swift; path = Operators.swift; sourceTree = "<group>"; };
		6A77B48D27ADDA38002E18BA /* PlotDataClass.swift */ = {isa = PBXFileReference; lastKnownFileType = sourcecode.swift; path = PlotDataClass.swift; sourceTree = "<group>"; };
/* End PBXFileReference section */

/* Begin PBXFrameworksBuildPhase section */
		6A6AAE8C27A4AD9F00CB48C1 /* Frameworks */ = {
			isa = PBXFrameworksBuildPhase;
			buildActionMask = 2147483647;
			files = (
				6A77B48927ADD97A002E18BA /* CorePlot in Frameworks */,
			);
			runOnlyForDeploymentPostprocessing = 0;
		};
		6A6AAE9227A4AD9F00CB48C1 /* Frameworks */ = {
			isa = PBXFrameworksBuildPhase;
			buildActionMask = 2147483647;
			files = (
				6A77B48C27ADD9AE002E18BA /* CorePlot in Frameworks */,
			);
			runOnlyForDeploymentPostprocessing = 0;
		};
		6A6AAE9927A4AD9F00CB48C1 /* Frameworks */ = {
			isa = PBXFrameworksBuildPhase;
			buildActionMask = 2147483647;
			files = (
			);
			runOnlyForDeploymentPostprocessing = 0;
		};
		6A6AAEA527A4AD9F00CB48C1 /* Frameworks */ = {
			isa = PBXFrameworksBuildPhase;
			buildActionMask = 2147483647;
			files = (
			);
			runOnlyForDeploymentPostprocessing = 0;
		};
/* End PBXFrameworksBuildPhase section */

/* Begin PBXGroup section */
		6A6AAE8227A4AD9D00CB48C1 = {
			isa = PBXGroup;
			children = (
				6A6AAE8727A4AD9D00CB48C1 /* Shared */,
				6A6AAE9627A4AD9F00CB48C1 /* macOS */,
				6A6AAE9F27A4AD9F00CB48C1 /* Tests iOS */,
				6A6AAEAB27A4AD9F00CB48C1 /* Tests macOS */,
				6A6AAE9027A4AD9F00CB48C1 /* Products */,
				6A77B48A27ADD9AE002E18BA /* Frameworks */,
			);
			sourceTree = "<group>";
		};
		6A6AAE8727A4AD9D00CB48C1 /* Shared */ = {
			isa = PBXGroup;
			children = (
				6A6AAE8827A4AD9D00CB48C1 /* sinxApp.swift */,
				6A6AAE8927A4AD9D00CB48C1 /* ContentView.swift */,
				6A77B41827AD9ED6002E18BA /* Sin_x_Calculator.swift */,
				6A77B41D27AD9F68002E18BA /* CorePlot.swift */,
				6A77B42227AD9FB5002E18BA /* CalculatePlotData.swift */,
				6A77B42727AD9FE2002E18BA /* CalculatePlotParameters.swift */,
				6A77B48D27ADDA38002E18BA /* PlotDataClass.swift */,
				6A77B42C27ADA025002E18BA /* Operators.swift */,
				6A6AAE8A27A4AD9F00CB48C1 /* Assets.xcassets */,
			);
			path = Shared;
			sourceTree = "<group>";
		};
		6A6AAE9027A4AD9F00CB48C1 /* Products */ = {
			isa = PBXGroup;
			children = (
				6A6AAE8F27A4AD9F00CB48C1 /* sinx.app */,
				6A6AAE9527A4AD9F00CB48C1 /* sinx.app */,
				6A6AAE9C27A4AD9F00CB48C1 /* Tests iOS.xctest */,
				6A6AAEA827A4AD9F00CB48C1 /* Tests macOS.xctest */,
			);
			name = Products;
			sourceTree = "<group>";
		};
		6A6AAE9627A4AD9F00CB48C1 /* macOS */ = {
			isa = PBXGroup;
			children = (
				6A6AAE9727A4AD9F00CB48C1 /* macOS.entitlements */,
			);
			path = macOS;
			sourceTree = "<group>";
		};
		6A6AAE9F27A4AD9F00CB48C1 /* Tests iOS */ = {
			isa = PBXGroup;
			children = (
				6A6AAEA027A4AD9F00CB48C1 /* Tests_iOS.swift */,
				6A6AAEA227A4AD9F00CB48C1 /* Tests_iOSLaunchTests.swift */,
			);
			path = "Tests iOS";
			sourceTree = "<group>";
		};
		6A6AAEAB27A4AD9F00CB48C1 /* Tests macOS */ = {
			isa = PBXGroup;
			children = (
				6A6AAEAC27A4AD9F00CB48C1 /* Tests_macOS.swift */,
				6A6AAEAE27A4AD9F00CB48C1 /* Tests_macOSLaunchTests.swift */,
			);
			path = "Tests macOS";
			sourceTree = "<group>";
		};
		6A77B48A27ADD9AE002E18BA /* Frameworks */ = {
			isa = PBXGroup;
			children = (
			);
			name = Frameworks;
			sourceTree = "<group>";
		};
/* End PBXGroup section */

/* Begin PBXNativeTarget section */
		6A6AAE8E27A4AD9F00CB48C1 /* sinx (iOS) */ = {
			isa = PBXNativeTarget;
			buildConfigurationList = 6A6AAEB827A4AD9F00CB48C1 /* Build configuration list for PBXNativeTarget "sinx (iOS)" */;
			buildPhases = (
				6A6AAE8B27A4AD9F00CB48C1 /* Sources */,
				6A6AAE8C27A4AD9F00CB48C1 /* Frameworks */,
				6A6AAE8D27A4AD9F00CB48C1 /* Resources */,
			);
			buildRules = (
			);
			dependencies = (
			);
			name = "sinx (iOS)";
			packageProductDependencies = (
				6A77B48827ADD97A002E18BA /* CorePlot */,
			);
			productName = "sinx (iOS)";
			productReference = 6A6AAE8F27A4AD9F00CB48C1 /* sinx.app */;
			productType = "com.apple.product-type.application";
		};
		6A6AAE9427A4AD9F00CB48C1 /* sinx (macOS) */ = {
			isa = PBXNativeTarget;
			buildConfigurationList = 6A6AAEBB27A4AD9F00CB48C1 /* Build configuration list for PBXNativeTarget "sinx (macOS)" */;
			buildPhases = (
				6A6AAE9127A4AD9F00CB48C1 /* Sources */,
				6A6AAE9227A4AD9F00CB48C1 /* Frameworks */,
				6A6AAE9327A4AD9F00CB48C1 /* Resources */,
			);
			buildRules = (
			);
			dependencies = (
			);
			name = "sinx (macOS)";
			packageProductDependencies = (
				6A77B48B27ADD9AE002E18BA /* CorePlot */,
			);
			productName = "sinx (macOS)";
			productReference = 6A6AAE9527A4AD9F00CB48C1 /* sinx.app */;
			productType = "com.apple.product-type.application";
		};
		6A6AAE9B27A4AD9F00CB48C1 /* Tests iOS */ = {
			isa = PBXNativeTarget;
			buildConfigurationList = 6A6AAEBE27A4AD9F00CB48C1 /* Build configuration list for PBXNativeTarget "Tests iOS" */;
			buildPhases = (
				6A6AAE9827A4AD9F00CB48C1 /* Sources */,
				6A6AAE9927A4AD9F00CB48C1 /* Frameworks */,
				6A6AAE9A27A4AD9F00CB48C1 /* Resources */,
			);
			buildRules = (
			);
			dependencies = (
				6A6AAE9E27A4AD9F00CB48C1 /* PBXTargetDependency */,
			);
			name = "Tests iOS";
			productName = "Tests iOS";
			productReference = 6A6AAE9C27A4AD9F00CB48C1 /* Tests iOS.xctest */;
			productType = "com.apple.product-type.bundle.ui-testing";
		};
		6A6AAEA727A4AD9F00CB48C1 /* Tests macOS */ = {
			isa = PBXNativeTarget;
			buildConfigurationList = 6A6AAEC127A4AD9F00CB48C1 /* Build configuration list for PBXNativeTarget "Tests macOS" */;
			buildPhases = (
				6A6AAEA427A4AD9F00CB48C1 /* Sources */,
				6A6AAEA527A4AD9F00CB48C1 /* Frameworks */,
				6A6AAEA627A4AD9F00CB48C1 /* Resources */,
			);
			buildRules = (
			);
			dependencies = (
				6A6AAEAA27A4AD9F00CB48C1 /* PBXTargetDependency */,
			);
			name = "Tests macOS";
			productName = "Tests macOS";
			productReference = 6A6AAEA827A4AD9F00CB48C1 /* Tests macOS.xctest */;
			productType = "com.apple.product-type.bundle.ui-testing";
		};
/* End PBXNativeTarget section */

/* Begin PBXProject section */
		6A6AAE8327A4AD9D00CB48C1 /* Project object */ = {
			isa = PBXProject;
			attributes = {
				BuildIndependentTargetsInParallel = 1;
				LastSwiftUpdateCheck = 1320;
				LastUpgradeCheck = 1320;
				TargetAttributes = {
					6A6AAE8E27A4AD9F00CB48C1 = {
						CreatedOnToolsVersion = 13.2.1;
					};
					6A6AAE9427A4AD9F00CB48C1 = {
						CreatedOnToolsVersion = 13.2.1;
					};
					6A6AAE9B27A4AD9F00CB48C1 = {
						CreatedOnToolsVersion = 13.2.1;
						TestTargetID = 6A6AAE8E27A4AD9F00CB48C1;
					};
					6A6AAEA727A4AD9F00CB48C1 = {
						CreatedOnToolsVersion = 13.2.1;
						TestTargetID = 6A6AAE9427A4AD9F00CB48C1;
					};
				};
			};
			buildConfigurationList = 6A6AAE8627A4AD9D00CB48C1 /* Build configuration list for PBXProject "sinx" */;
			compatibilityVersion = "Xcode 13.0";
			developmentRegion = en;
			hasScannedForEncodings = 0;
			knownRegions = (
				en,
				Base,
			);
			mainGroup = 6A6AAE8227A4AD9D00CB48C1;
			packageReferences = (
				6A77B48727ADD97A002E18BA /* XCRemoteSwiftPackageReference "core-plot" */,
			);
			productRefGroup = 6A6AAE9027A4AD9F00CB48C1 /* Products */;
			projectDirPath = "";
			projectRoot = "";
			targets = (
				6A6AAE8E27A4AD9F00CB48C1 /* sinx (iOS) */,
				6A6AAE9427A4AD9F00CB48C1 /* sinx (macOS) */,
				6A6AAE9B27A4AD9F00CB48C1 /* Tests iOS */,
				6A6AAEA727A4AD9F00CB48C1 /* Tests macOS */,
			);
		};
/* End PBXProject section */

/* Begin PBXResourcesBuildPhase section */
		6A6AAE8D27A4AD9F00CB48C1 /* Resources */ = {
			isa = PBXResourcesBuildPhase;
			buildActionMask = 2147483647;
			files = (
				6A6AAEB427A4AD9F00CB48C1 /* Assets.xcassets in Resources */,
			);
			runOnlyForDeploymentPostprocessing = 0;
		};
		6A6AAE9327A4AD9F00CB48C1 /* Resources */ = {
			isa = PBXResourcesBuildPhase;
			buildActionMask = 2147483647;
			files = (
				6A6AAEB527A4AD9F00CB48C1 /* Assets.xcassets in Resources */,
			);
			runOnlyForDeploymentPostprocessing = 0;
		};
		6A6AAE9A27A4AD9F00CB48C1 /* Resources */ = {
			isa = PBXResourcesBuildPhase;
			buildActionMask = 2147483647;
			files = (
			);
			runOnlyForDeploymentPostprocessing = 0;
		};
		6A6AAEA627A4AD9F00CB48C1 /* Resources */ = {
			isa = PBXResourcesBuildPhase;
			buildActionMask = 2147483647;
			files = (
			);
			runOnlyForDeploymentPostprocessing = 0;
		};
/* End PBXResourcesBuildPhase section */

/* Begin PBXSourcesBuildPhase section */
		6A6AAE8B27A4AD9F00CB48C1 /* Sources */ = {
			isa = PBXSourcesBuildPhase;
			buildActionMask = 2147483647;
			files = (
				6A6AAEB227A4AD9F00CB48C1 /* ContentView.swift in Sources */,
				6A77B42827AD9FE2002E18BA /* CalculatePlotParameters.swift in Sources */,
				6A77B42D27ADA025002E18BA /* Operators.swift in Sources */,
				6A77B41E27AD9F68002E18BA /* CorePlot.swift in Sources */,
				6A77B41927AD9ED6002E18BA /* Sin_x_Calculator.swift in Sources */,
				6A77B48E27ADDA38002E18BA /* PlotDataClass.swift in Sources */,
				6A77B42327AD9FB5002E18BA /* CalculatePlotData.swift in Sources */,
				6A6AAEB027A4AD9F00CB48C1 /* sinxApp.swift in Sources */,
			);
			runOnlyForDeploymentPostprocessing = 0;
		};
		6A6AAE9127A4AD9F00CB48C1 /* Sources */ = {
			isa = PBXSourcesBuildPhase;
			buildActionMask = 2147483647;
			files = (
				6A6AAEB327A4AD9F00CB48C1 /* ContentView.swift in Sources */,
				6A77B42927AD9FE2002E18BA /* CalculatePlotParameters.swift in Sources */,
				6A77B42E27ADA025002E18BA /* Operators.swift in Sources */,
				6A77B41F27AD9F68002E18BA /* CorePlot.swift in Sources */,
				6A77B41A27AD9ED6002E18BA /* Sin_x_Calculator.swift in Sources */,
				6A77B48F27ADDA38002E18BA /* PlotDataClass.swift in Sources */,
				6A77B42427AD9FB5002E18BA /* CalculatePlotData.swift in Sources */,
				6A6AAEB127A4AD9F00CB48C1 /* sinxApp.swift in Sources */,
			);
			runOnlyForDeploymentPostprocessing = 0;
		};
		6A6AAE9827A4AD9F00CB48C1 /* Sources */ = {
			isa = PBXSourcesBuildPhase;
			buildActionMask = 2147483647;
			files = (
				6A6AAEA327A4AD9F00CB48C1 /* Tests_iOSLaunchTests.swift in Sources */,
				6A77B42A27AD9FE2002E18BA /* CalculatePlotParameters.swift in Sources */,
				6A77B42F27ADA025002E18BA /* Operators.swift in Sources */,
				6A77B42027AD9F68002E18BA /* CorePlot.swift in Sources */,
				6A77B41B27AD9ED6002E18BA /* Sin_x_Calculator.swift in Sources */,
				6A77B49027ADDA38002E18BA /* PlotDataClass.swift in Sources */,
				6A77B42527AD9FB5002E18BA /* CalculatePlotData.swift in Sources */,
				6A6AAEA127A4AD9F00CB48C1 /* Tests_iOS.swift in Sources */,
			);
			runOnlyForDeploymentPostprocessing = 0;
		};
		6A6AAEA427A4AD9F00CB48C1 /* Sources */ = {
			isa = PBXSourcesBuildPhase;
			buildActionMask = 2147483647;
			files = (
				6A6AAEAF27A4AD9F00CB48C1 /* Tests_macOSLaunchTests.swift in Sources */,
				6A77B42B27AD9FE2002E18BA /* CalculatePlotParameters.swift in Sources */,
				6A77B43027ADA025002E18BA /* Operators.swift in Sources */,
				6A77B42127AD9F68002E18BA /* CorePlot.swift in Sources */,
				6A77B41C27AD9ED6002E18BA /* Sin_x_Calculator.swift in Sources */,
				6A77B49127ADDA38002E18BA /* PlotDataClass.swift in Sources */,
				6A77B42627AD9FB5002E18BA /* CalculatePlotData.swift in Sources */,
				6A6AAEAD27A4AD9F00CB48C1 /* Tests_macOS.swift in Sources */,
			);
			runOnlyForDeploymentPostprocessing = 0;
		};
/* End PBXSourcesBuildPhase section */

/* Begin PBXTargetDependency section */
		6A6AAE9E27A4AD9F00CB48C1 /* PBXTargetDependency */ = {
			isa = PBXTargetDependency;
			target = 6A6AAE8E27A4AD9F00CB48C1 /* sinx (iOS) */;
			targetProxy = 6A6AAE9D27A4AD9F00CB48C1 /* PBXContainerItemProxy */;
		};
		6A6AAEAA27A4AD9F00CB48C1 /* PBXTargetDependency */ = {
			isa = PBXTargetDependency;
			target = 6A6AAE9427A4AD9F00CB48C1 /* sinx (macOS) */;
			targetProxy = 6A6AAEA927A4AD9F00CB48C1 /* PBXContainerItemProxy */;
		};
/* End PBXTargetDependency section */

/* Begin XCBuildConfiguration section */
		6A6AAEB627A4AD9F00CB48C1 /* Debug */ = {
			isa = XCBuildConfiguration;
			buildSettings = {
				ALWAYS_SEARCH_USER_PATHS = NO;
				CLANG_ANALYZER_NONNULL = YES;
				CLANG_ANALYZER_NUMBER_OBJECT_CONVERSION = YES_AGGRESSIVE;
				CLANG_CXX_LANGUAGE_STANDARD = "gnu++17";
				CLANG_CXX_LIBRARY = "libc++";
				CLANG_ENABLE_MODULES = YES;
				CLANG_ENABLE_OBJC_ARC = YES;
				CLANG_ENABLE_OBJC_WEAK = YES;
				CLANG_WARN_BLOCK_CAPTURE_AUTORELEASING = YES;
				CLANG_WARN_BOOL_CONVERSION = YES;
				CLANG_WARN_COMMA = YES;
				CLANG_WARN_CONSTANT_CONVERSION = YES;
				CLANG_WARN_DEPRECATED_OBJC_IMPLEMENTATIONS = YES;
				CLANG_WARN_DIRECT_OBJC_ISA_USAGE = YES_ERROR;
				CLANG_WARN_DOCUMENTATION_COMMENTS = YES;
				CLANG_WARN_EMPTY_BODY = YES;
				CLANG_WARN_ENUM_CONVERSION = YES;
				CLANG_WARN_INFINITE_RECURSION = YES;
				CLANG_WARN_INT_CONVERSION = YES;
				CLANG_WARN_NON_LITERAL_NULL_CONVERSION = YES;
				CLANG_WARN_OBJC_IMPLICIT_RETAIN_SELF = YES;
				CLANG_WARN_OBJC_LITERAL_CONVERSION = YES;
				CLANG_WARN_OBJC_ROOT_CLASS = YES_ERROR;
				CLANG_WARN_QUOTED_INCLUDE_IN_FRAMEWORK_HEADER = YES;
				CLANG_WARN_RANGE_LOOP_ANALYSIS = YES;
				CLANG_WARN_STRICT_PROTOTYPES = YES;
				CLANG_WARN_SUSPICIOUS_MOVE = YES;
				CLANG_WARN_UNGUARDED_AVAILABILITY = YES_AGGRESSIVE;
				CLANG_WARN_UNREACHABLE_CODE = YES;
				CLANG_WARN__DUPLICATE_METHOD_MATCH = YES;
				COPY_PHASE_STRIP = NO;
				DEBUG_INFORMATION_FORMAT = dwarf;
				ENABLE_STRICT_OBJC_MSGSEND = YES;
				ENABLE_TESTABILITY = YES;
				GCC_C_LANGUAGE_STANDARD = gnu11;
				GCC_DYNAMIC_NO_PIC = NO;
				GCC_NO_COMMON_BLOCKS = YES;
				GCC_OPTIMIZATION_LEVEL = 0;
				GCC_PREPROCESSOR_DEFINITIONS = (
					"DEBUG=1",
					"$(inherited)",
				);
				GCC_WARN_64_TO_32_BIT_CONVERSION = YES;
				GCC_WARN_ABOUT_RETURN_TYPE = YES_ERROR;
				GCC_WARN_UNDECLARED_SELECTOR = YES;
				GCC_WARN_UNINITIALIZED_AUTOS = YES_AGGRESSIVE;
				GCC_WARN_UNUSED_FUNCTION = YES;
				GCC_WARN_UNUSED_VARIABLE = YES;
				MTL_ENABLE_DEBUG_INFO = INCLUDE_SOURCE;
				MTL_FAST_MATH = YES;
				ONLY_ACTIVE_ARCH = YES;
				SWIFT_ACTIVE_COMPILATION_CONDITIONS = DEBUG;
				SWIFT_OPTIMIZATION_LEVEL = "-Onone";
			};
			name = Debug;
		};
		6A6AAEB727A4AD9F00CB48C1 /* Release */ = {
			isa = XCBuildConfiguration;
			buildSettings = {
				ALWAYS_SEARCH_USER_PATHS = NO;
				CLANG_ANALYZER_NONNULL = YES;
				CLANG_ANALYZER_NUMBER_OBJECT_CONVERSION = YES_AGGRESSIVE;
				CLANG_CXX_LANGUAGE_STANDARD = "gnu++17";
				CLANG_CXX_LIBRARY = "libc++";
				CLANG_ENABLE_MODULES = YES;
				CLANG_ENABLE_OBJC_ARC = YES;
				CLANG_ENABLE_OBJC_WEAK = YES;
				CLANG_WARN_BLOCK_CAPTURE_AUTORELEASING = YES;
				CLANG_WARN_BOOL_CONVERSION = YES;
				CLANG_WARN_COMMA = YES;
				CLANG_WARN_CONSTANT_CONVERSION = YES;
				CLANG_WARN_DEPRECATED_OBJC_IMPLEMENTATIONS = YES;
				CLANG_WARN_DIRECT_OBJC_ISA_USAGE = YES_ERROR;
				CLANG_WARN_DOCUMENTATION_COMMENTS = YES;
				CLANG_WARN_EMPTY_BODY = YES;
				CLANG_WARN_ENUM_CONVERSION = YES;
				CLANG_WARN_INFINITE_RECURSION = YES;
				CLANG_WARN_INT_CONVERSION = YES;
				CLANG_WARN_NON_LITERAL_NULL_CONVERSION = YES;
				CLANG_WARN_OBJC_IMPLICIT_RETAIN_SELF = YES;
				CLANG_WARN_OBJC_LITERAL_CONVERSION = YES;
				CLANG_WARN_OBJC_ROOT_CLASS = YES_ERROR;
				CLANG_WARN_QUOTED_INCLUDE_IN_FRAMEWORK_HEADER = YES;
				CLANG_WARN_RANGE_LOOP_ANALYSIS = YES;
				CLANG_WARN_STRICT_PROTOTYPES = YES;
				CLANG_WARN_SUSPICIOUS_MOVE = YES;
				CLANG_WARN_UNGUARDED_AVAILABILITY = YES_AGGRESSIVE;
				CLANG_WARN_UNREACHABLE_CODE = YES;
				CLANG_WARN__DUPLICATE_METHOD_MATCH = YES;
				COPY_PHASE_STRIP = NO;
				DEBUG_INFORMATION_FORMAT = "dwarf-with-dsym";
				ENABLE_NS_ASSERTIONS = NO;
				ENABLE_STRICT_OBJC_MSGSEND = YES;
				GCC_C_LANGUAGE_STANDARD = gnu11;
				GCC_NO_COMMON_BLOCKS = YES;
				GCC_WARN_64_TO_32_BIT_CONVERSION = YES;
				GCC_WARN_ABOUT_RETURN_TYPE = YES_ERROR;
				GCC_WARN_UNDECLARED_SELECTOR = YES;
				GCC_WARN_UNINITIALIZED_AUTOS = YES_AGGRESSIVE;
				GCC_WARN_UNUSED_FUNCTION = YES;
				GCC_WARN_UNUSED_VARIABLE = YES;
				MTL_ENABLE_DEBUG_INFO = NO;
				MTL_FAST_MATH = YES;
				SWIFT_COMPILATION_MODE = wholemodule;
				SWIFT_OPTIMIZATION_LEVEL = "-O";
			};
			name = Release;
		};
		6A6AAEB927A4AD9F00CB48C1 /* Debug */ = {
			isa = XCBuildConfiguration;
			buildSettings = {
				ASSETCATALOG_COMPILER_APPICON_NAME = AppIcon;
				ASSETCATALOG_COMPILER_GLOBAL_ACCENT_COLOR_NAME = AccentColor;
				CODE_SIGN_STYLE = Automatic;
				CURRENT_PROJECT_VERSION = 1;
				DEVELOPMENT_TEAM = B6RA4R6AG4;
				ENABLE_PREVIEWS = YES;
				GENERATE_INFOPLIST_FILE = YES;
				INFOPLIST_KEY_UIApplicationSceneManifest_Generation = YES;
				INFOPLIST_KEY_UIApplicationSupportsIndirectInputEvents = YES;
				INFOPLIST_KEY_UILaunchScreen_Generation = YES;
				INFOPLIST_KEY_UISupportedInterfaceOrientations_iPad = "UIInterfaceOrientationPortrait UIInterfaceOrientationPortraitUpsideDown UIInterfaceOrientationLandscapeLeft UIInterfaceOrientationLandscapeRight";
				INFOPLIST_KEY_UISupportedInterfaceOrientations_iPhone = "UIInterfaceOrientationPortrait UIInterfaceOrientationLandscapeLeft UIInterfaceOrientationLandscapeRight";
				IPHONEOS_DEPLOYMENT_TARGET = 15.2;
				LD_RUNPATH_SEARCH_PATHS = (
					"$(inherited)",
					"@executable_path/Frameworks",
				);
				MARKETING_VERSION = 1.0;
				PRODUCT_BUNDLE_IDENTIFIER = J.sinx;
				PRODUCT_NAME = sinx;
				SDKROOT = iphoneos;
				SWIFT_EMIT_LOC_STRINGS = YES;
				SWIFT_VERSION = 5.0;
				TARGETED_DEVICE_FAMILY = "1,2";
			};
			name = Debug;
		};
		6A6AAEBA27A4AD9F00CB48C1 /* Release */ = {
			isa = XCBuildConfiguration;
			buildSettings = {
				ASSETCATALOG_COMPILER_APPICON_NAME = AppIcon;
				ASSETCATALOG_COMPILER_GLOBAL_ACCENT_COLOR_NAME = AccentColor;
				CODE_SIGN_STYLE = Automatic;
				CURRENT_PROJECT_VERSION = 1;
				DEVELOPMENT_TEAM = B6RA4R6AG4;
				ENABLE_PREVIEWS = YES;
				GENERATE_INFOPLIST_FILE = YES;
				INFOPLIST_KEY_UIApplicationSceneManifest_Generation = YES;
				INFOPLIST_KEY_UIApplicationSupportsIndirectInputEvents = YES;
				INFOPLIST_KEY_UILaunchScreen_Generation = YES;
				INFOPLIST_KEY_UISupportedInterfaceOrientations_iPad = "UIInterfaceOrientationPortrait UIInterfaceOrientationPortraitUpsideDown UIInterfaceOrientationLandscapeLeft UIInterfaceOrientationLandscapeRight";
				INFOPLIST_KEY_UISupportedInterfaceOrientations_iPhone = "UIInterfaceOrientationPortrait UIInterfaceOrientationLandscapeLeft UIInterfaceOrientationLandscapeRight";
				IPHONEOS_DEPLOYMENT_TARGET = 15.2;
				LD_RUNPATH_SEARCH_PATHS = (
					"$(inherited)",
					"@executable_path/Frameworks",
				);
				MARKETING_VERSION = 1.0;
				PRODUCT_BUNDLE_IDENTIFIER = J.sinx;
				PRODUCT_NAME = sinx;
				SDKROOT = iphoneos;
				SWIFT_EMIT_LOC_STRINGS = YES;
				SWIFT_VERSION = 5.0;
				TARGETED_DEVICE_FAMILY = "1,2";
				VALIDATE_PRODUCT = YES;
			};
			name = Release;
		};
		6A6AAEBC27A4AD9F00CB48C1 /* Debug */ = {
			isa = XCBuildConfiguration;
			buildSettings = {
				ASSETCATALOG_COMPILER_APPICON_NAME = AppIcon;
				ASSETCATALOG_COMPILER_GLOBAL_ACCENT_COLOR_NAME = AccentColor;
				CODE_SIGN_ENTITLEMENTS = macOS/macOS.entitlements;
				CODE_SIGN_STYLE = Automatic;
				COMBINE_HIDPI_IMAGES = YES;
				CURRENT_PROJECT_VERSION = 1;
				DEVELOPMENT_TEAM = B6RA4R6AG4;
				ENABLE_HARDENED_RUNTIME = YES;
				ENABLE_PREVIEWS = YES;
				GENERATE_INFOPLIST_FILE = YES;
				INFOPLIST_KEY_NSHumanReadableCopyright = "";
				LD_RUNPATH_SEARCH_PATHS = (
					"$(inherited)",
					"@executable_path/../Frameworks",
				);
				MACOSX_DEPLOYMENT_TARGET = 12.1;
				MARKETING_VERSION = 1.0;
				PRODUCT_BUNDLE_IDENTIFIER = J.sinx;
				PRODUCT_NAME = sinx;
				SDKROOT = macosx;
				SWIFT_EMIT_LOC_STRINGS = YES;
				SWIFT_VERSION = 5.0;
			};
			name = Debug;
		};
		6A6AAEBD27A4AD9F00CB48C1 /* Release */ = {
			isa = XCBuildConfiguration;
			buildSettings = {
				ASSETCATALOG_COMPILER_APPICON_NAME = AppIcon;
				ASSETCATALOG_COMPILER_GLOBAL_ACCENT_COLOR_NAME = AccentColor;
				CODE_SIGN_ENTITLEMENTS = macOS/macOS.entitlements;
				CODE_SIGN_STYLE = Automatic;
				COMBINE_HIDPI_IMAGES = YES;
				CURRENT_PROJECT_VERSION = 1;
				DEVELOPMENT_TEAM = B6RA4R6AG4;
				ENABLE_HARDENED_RUNTIME = YES;
				ENABLE_PREVIEWS = YES;
				GENERATE_INFOPLIST_FILE = YES;
				INFOPLIST_KEY_NSHumanReadableCopyright = "";
				LD_RUNPATH_SEARCH_PATHS = (
					"$(inherited)",
					"@executable_path/../Frameworks",
				);
				MACOSX_DEPLOYMENT_TARGET = 12.1;
				MARKETING_VERSION = 1.0;
				PRODUCT_BUNDLE_IDENTIFIER = J.sinx;
				PRODUCT_NAME = sinx;
				SDKROOT = macosx;
				SWIFT_EMIT_LOC_STRINGS = YES;
				SWIFT_VERSION = 5.0;
			};
			name = Release;
		};
		6A6AAEBF27A4AD9F00CB48C1 /* Debug */ = {
			isa = XCBuildConfiguration;
			buildSettings = {
				ALWAYS_EMBED_SWIFT_STANDARD_LIBRARIES = YES;
				CODE_SIGN_STYLE = Automatic;
				CURRENT_PROJECT_VERSION = 1;
				DEVELOPMENT_TEAM = B6RA4R6AG4;
				GENERATE_INFOPLIST_FILE = YES;
				IPHONEOS_DEPLOYMENT_TARGET = 15.2;
				MARKETING_VERSION = 1.0;
				PRODUCT_BUNDLE_IDENTIFIER = "J.Tests-iOS";
				PRODUCT_NAME = "$(TARGET_NAME)";
				SDKROOT = iphoneos;
				SWIFT_EMIT_LOC_STRINGS = NO;
				SWIFT_VERSION = 5.0;
				TARGETED_DEVICE_FAMILY = "1,2";
				TEST_TARGET_NAME = "sinx (iOS)";
			};
			name = Debug;
		};
		6A6AAEC027A4AD9F00CB48C1 /* Release */ = {
			isa = XCBuildConfiguration;
			buildSettings = {
				ALWAYS_EMBED_SWIFT_STANDARD_LIBRARIES = YES;
				CODE_SIGN_STYLE = Automatic;
				CURRENT_PROJECT_VERSION = 1;
				DEVELOPMENT_TEAM = B6RA4R6AG4;
				GENERATE_INFOPLIST_FILE = YES;
				IPHONEOS_DEPLOYMENT_TARGET = 15.2;
				MARKETING_VERSION = 1.0;
				PRODUCT_BUNDLE_IDENTIFIER = "J.Tests-iOS";
				PRODUCT_NAME = "$(TARGET_NAME)";
				SDKROOT = iphoneos;
				SWIFT_EMIT_LOC_STRINGS = NO;
				SWIFT_VERSION = 5.0;
				TARGETED_DEVICE_FAMILY = "1,2";
				TEST_TARGET_NAME = "sinx (iOS)";
				VALIDATE_PRODUCT = YES;
			};
			name = Release;
		};
		6A6AAEC227A4AD9F00CB48C1 /* Debug */ = {
			isa = XCBuildConfiguration;
			buildSettings = {
				ALWAYS_EMBED_SWIFT_STANDARD_LIBRARIES = YES;
				CODE_SIGN_STYLE = Automatic;
				CURRENT_PROJECT_VERSION = 1;
				DEVELOPMENT_TEAM = B6RA4R6AG4;
				GENERATE_INFOPLIST_FILE = YES;
				MACOSX_DEPLOYMENT_TARGET = 12.1;
				MARKETING_VERSION = 1.0;
				PRODUCT_BUNDLE_IDENTIFIER = "J.Tests-macOS";
				PRODUCT_NAME = "$(TARGET_NAME)";
				SDKROOT = macosx;
				SWIFT_EMIT_LOC_STRINGS = NO;
				SWIFT_VERSION = 5.0;
				TEST_TARGET_NAME = "sinx (macOS)";
			};
			name = Debug;
		};
		6A6AAEC327A4AD9F00CB48C1 /* Release */ = {
			isa = XCBuildConfiguration;
			buildSettings = {
				ALWAYS_EMBED_SWIFT_STANDARD_LIBRARIES = YES;
				CODE_SIGN_STYLE = Automatic;
				CURRENT_PROJECT_VERSION = 1;
				DEVELOPMENT_TEAM = B6RA4R6AG4;
				GENERATE_INFOPLIST_FILE = YES;
				MACOSX_DEPLOYMENT_TARGET = 12.1;
				MARKETING_VERSION = 1.0;
				PRODUCT_BUNDLE_IDENTIFIER = "J.Tests-macOS";
				PRODUCT_NAME = "$(TARGET_NAME)";
				SDKROOT = macosx;
				SWIFT_EMIT_LOC_STRINGS = NO;
				SWIFT_VERSION = 5.0;
				TEST_TARGET_NAME = "sinx (macOS)";
			};
			name = Release;
		};
/* End XCBuildConfiguration section */

/* Begin XCConfigurationList section */
		6A6AAE8627A4AD9D00CB48C1 /* Build configuration list for PBXProject "sinx" */ = {
			isa = XCConfigurationList;
			buildConfigurations = (
				6A6AAEB627A4AD9F00CB48C1 /* Debug */,
				6A6AAEB727A4AD9F00CB48C1 /* Release */,
			);
			defaultConfigurationIsVisible = 0;
			defaultConfigurationName = Release;
		};
		6A6AAEB827A4AD9F00CB48C1 /* Build configuration list for PBXNativeTarget "sinx (iOS)" */ = {
			isa = XCConfigurationList;
			buildConfigurations = (
				6A6AAEB927A4AD9F00CB48C1 /* Debug */,
				6A6AAEBA27A4AD9F00CB48C1 /* Release */,
			);
			defaultConfigurationIsVisible = 0;
			defaultConfigurationName = Release;
		};
		6A6AAEBB27A4AD9F00CB48C1 /* Build configuration list for PBXNativeTarget "sinx (macOS)" */ = {
			isa = XCConfigurationList;
			buildConfigurations = (
				6A6AAEBC27A4AD9F00CB48C1 /* Debug */,
				6A6AAEBD27A4AD9F00CB48C1 /* Release */,
			);
			defaultConfigurationIsVisible = 0;
			defaultConfigurationName = Release;
		};
		6A6AAEBE27A4AD9F00CB48C1 /* Build configuration list for PBXNativeTarget "Tests iOS" */ = {
			isa = XCConfigurationList;
			buildConfigurations = (
				6A6AAEBF27A4AD9F00CB48C1 /* Debug */,
				6A6AAEC027A4AD9F00CB48C1 /* Release */,
			);
			defaultConfigurationIsVisible = 0;
			defaultConfigurationName = Release;
		};
		6A6AAEC127A4AD9F00CB48C1 /* Build configuration list for PBXNativeTarget "Tests macOS" */ = {
			isa = XCConfigurationList;
			buildConfigurations = (
				6A6AAEC227A4AD9F00CB48C1 /* Debug */,
				6A6AAEC327A4AD9F00CB48C1 /* Release */,
			);
			defaultConfigurationIsVisible = 0;
			defaultConfigurationName = Release;
		};
/* End XCConfigurationList section */

/* Begin XCRemoteSwiftPackageReference section */
		6A77B48727ADD97A002E18BA /* XCRemoteSwiftPackageReference "core-plot" */ = {
			isa = XCRemoteSwiftPackageReference;
			repositoryURL = "https://github.com/core-plot/core-plot";
			requirement = {
				branch = "release-2.4";
				kind = branch;
			};
		};
/* End XCRemoteSwiftPackageReference section */

/* Begin XCSwiftPackageProductDependency section */
		6A77B48827ADD97A002E18BA /* CorePlot */ = {
			isa = XCSwiftPackageProductDependency;
			package = 6A77B48727ADD97A002E18BA /* XCRemoteSwiftPackageReference "core-plot" */;
			productName = CorePlot;
		};
		6A77B48B27ADD9AE002E18BA /* CorePlot */ = {
			isa = XCSwiftPackageProductDependency;
			package = 6A77B48727ADD97A002E18BA /* XCRemoteSwiftPackageReference "core-plot" */;
			productName = CorePlot;
		};
/* End XCSwiftPackageProductDependency section */
	};
	rootObject = 6A6AAE8327A4AD9D00CB48C1 /* Project object */;
}
